// !$*UTF8*$!
{
	archiveVersion = 1;
	classes = {
	};
	objectVersion = 55;
	objects = {

/* Begin PBXBuildFile section */
		9104EFC127C1C1260099A294 /* Notifications.swift in Sources */ = {isa = PBXBuildFile; fileRef = 9104EFC027C1C1260099A294 /* Notifications.swift */; };
		9104EFC327C1EFE50099A294 /* Error.swift in Sources */ = {isa = PBXBuildFile; fileRef = 9104EFC227C1EFE50099A294 /* Error.swift */; };
		9104EFC527C1F9BD0099A294 /* UIImage.swift in Sources */ = {isa = PBXBuildFile; fileRef = 9104EFC427C1F9BD0099A294 /* UIImage.swift */; };
		9104EFC727C20BD20099A294 /* Message.swift in Sources */ = {isa = PBXBuildFile; fileRef = 9104EFC627C20BD10099A294 /* Message.swift */; };
		9104EFC927C21AFC0099A294 /* MessageEntity.swift in Sources */ = {isa = PBXBuildFile; fileRef = 9104EFC827C21AFC0099A294 /* MessageEntity.swift */; };
		9104EFCB27C21D340099A294 /* MessageMapper.swift in Sources */ = {isa = PBXBuildFile; fileRef = 9104EFCA27C21D340099A294 /* MessageMapper.swift */; };
		911B364B27F1553500D52715 /* GoogleService-Info.plist in Resources */ = {isa = PBXBuildFile; fileRef = 91F7EEEA27BB340E0008DDD6 /* GoogleService-Info.plist */; };
		911B364E27F1563B00D52715 /* FirebaseManager+Membership.swift in Sources */ = {isa = PBXBuildFile; fileRef = 911B364D27F1563B00D52715 /* FirebaseManager+Membership.swift */; };
		911B364F27F1563C00D52715 /* FirebaseManager+Membership.swift in Sources */ = {isa = PBXBuildFile; fileRef = 911B364D27F1563B00D52715 /* FirebaseManager+Membership.swift */; };
		911B365127F1566300D52715 /* FirebaseManager+Assignment.swift in Sources */ = {isa = PBXBuildFile; fileRef = 911B365027F1566300D52715 /* FirebaseManager+Assignment.swift */; };
		911B365227F1566300D52715 /* FirebaseManager+Assignment.swift in Sources */ = {isa = PBXBuildFile; fileRef = 911B365027F1566300D52715 /* FirebaseManager+Assignment.swift */; };
		911B365427F1567600D52715 /* FirebaseManager+Chat.swift in Sources */ = {isa = PBXBuildFile; fileRef = 911B365327F1567600D52715 /* FirebaseManager+Chat.swift */; };
		911B365527F1567600D52715 /* FirebaseManager+Chat.swift in Sources */ = {isa = PBXBuildFile; fileRef = 911B365327F1567600D52715 /* FirebaseManager+Chat.swift */; };
		911B365727F1583D00D52715 /* FirebaseError.swift in Sources */ = {isa = PBXBuildFile; fileRef = 911B365627F1583D00D52715 /* FirebaseError.swift */; };
		911B365827F1583D00D52715 /* FirebaseError.swift in Sources */ = {isa = PBXBuildFile; fileRef = 911B365627F1583D00D52715 /* FirebaseError.swift */; };
		911B365927F15DC800D52715 /* MessageMapper.swift in Sources */ = {isa = PBXBuildFile; fileRef = 9104EFCA27C21D340099A294 /* MessageMapper.swift */; };
		911B365A27F15DC800D52715 /* AssignmentMapper.swift in Sources */ = {isa = PBXBuildFile; fileRef = 912C5CDD27D6CA5500A5E882 /* AssignmentMapper.swift */; };
		911B365B27F15DC800D52715 /* UserMapper.swift in Sources */ = {isa = PBXBuildFile; fileRef = 91FF767527BE0223001B9CED /* UserMapper.swift */; };
		911B365C27F15DC800D52715 /* ChatMapper.swift in Sources */ = {isa = PBXBuildFile; fileRef = 91C4054927DC94F5007174A0 /* ChatMapper.swift */; };
		911B365D27F15DD400D52715 /* Message.swift in Sources */ = {isa = PBXBuildFile; fileRef = 9104EFC627C20BD10099A294 /* Message.swift */; };
		911B365E27F15DD400D52715 /* User.swift in Sources */ = {isa = PBXBuildFile; fileRef = 91B3295F27BCDA3300FBFA00 /* User.swift */; };
		911B365F27F15DD400D52715 /* Assignment.swift in Sources */ = {isa = PBXBuildFile; fileRef = 91B3298127BCE37100FBFA00 /* Assignment.swift */; };
		911B366027F15DD400D52715 /* Chat.swift in Sources */ = {isa = PBXBuildFile; fileRef = 91B3298327BCE61B00FBFA00 /* Chat.swift */; };
		911B366127F15EE700D52715 /* UIImage.swift in Sources */ = {isa = PBXBuildFile; fileRef = 9104EFC427C1F9BD0099A294 /* UIImage.swift */; };
		9128775B27DAC0600065A7B0 /* SFSymbolSource.swift in Sources */ = {isa = PBXBuildFile; fileRef = 9128775A27DAC0600065A7B0 /* SFSymbolSource.swift */; };
		9128775D27DAC09E0065A7B0 /* SelectIconView.swift in Sources */ = {isa = PBXBuildFile; fileRef = 9128775C27DAC09E0065A7B0 /* SelectIconView.swift */; };
		9128775F27DAC1050065A7B0 /* SFSymbol.swift in Sources */ = {isa = PBXBuildFile; fileRef = 9128775E27DAC1050065A7B0 /* SFSymbol.swift */; };
		9128776227DAC1570065A7B0 /* SymbolsSortedByDefault.txt in Resources */ = {isa = PBXBuildFile; fileRef = 9128776027DAC1570065A7B0 /* SymbolsSortedByDefault.txt */; };
		9128776327DAC1570065A7B0 /* SymbolsSortedByName.txt in Resources */ = {isa = PBXBuildFile; fileRef = 9128776127DAC1570065A7B0 /* SymbolsSortedByName.txt */; };
		9128776527DAC18A0065A7B0 /* IconRow.swift in Sources */ = {isa = PBXBuildFile; fileRef = 9128776427DAC18A0065A7B0 /* IconRow.swift */; };
		912C5CDE27D6CA5500A5E882 /* AssignmentMapper.swift in Sources */ = {isa = PBXBuildFile; fileRef = 912C5CDD27D6CA5500A5E882 /* AssignmentMapper.swift */; };
		9132024F27DD8E07009BE708 /* ChatChannelView.swift in Sources */ = {isa = PBXBuildFile; fileRef = 9132024E27DD8E07009BE708 /* ChatChannelView.swift */; };
		9132025127DD90DC009BE708 /* ChatChannelRow.swift in Sources */ = {isa = PBXBuildFile; fileRef = 9132025027DD90DC009BE708 /* ChatChannelRow.swift */; };
		9132025327DDDB2E009BE708 /* ReverseScrollView.swift in Sources */ = {isa = PBXBuildFile; fileRef = 9132025227DDDB2E009BE708 /* ReverseScrollView.swift */; };
		91413FC127BA95AA00799155 /* ParentifyApp.swift in Sources */ = {isa = PBXBuildFile; fileRef = 91413FB127BA95A700799155 /* ParentifyApp.swift */; };
		91413FC527BA95AA00799155 /* Assets.xcassets in Resources */ = {isa = PBXBuildFile; fileRef = 91413FB327BA95AA00799155 /* Assets.xcassets */; };
		91413FD227BA997300799155 /* AppAssembler.swift in Sources */ = {isa = PBXBuildFile; fileRef = 91413FD127BA997300799155 /* AppAssembler.swift */; };
		91413FE327BA9AD600799155 /* ViewState.swift in Sources */ = {isa = PBXBuildFile; fileRef = 91413FE227BA9AD600799155 /* ViewState.swift */; };
		91413FE627BA9AFC00799155 /* CardShadowModifier.swift in Sources */ = {isa = PBXBuildFile; fileRef = 91413FE527BA9AFC00799155 /* CardShadowModifier.swift */; };
		91413FED27BAA07A00799155 /* Color.swift in Sources */ = {isa = PBXBuildFile; fileRef = 91413FEC27BAA07A00799155 /* Color.swift */; };
		91413FF027BAA08C00799155 /* Date.swift in Sources */ = {isa = PBXBuildFile; fileRef = 91413FEF27BAA08C00799155 /* Date.swift */; };
		91413FF327BAA0AB00799155 /* String.swift in Sources */ = {isa = PBXBuildFile; fileRef = 91413FF227BAA0AB00799155 /* String.swift */; };
		91413FF627BAA0C500799155 /* View.swift in Sources */ = {isa = PBXBuildFile; fileRef = 91413FF527BAA0C500799155 /* View.swift */; };
		915E9FF227DECE2500104429 /* Query.swift in Sources */ = {isa = PBXBuildFile; fileRef = 915E9FF127DECE2500104429 /* Query.swift */; };
		9170623327BF7274005C2983 /* ContentView.swift in Sources */ = {isa = PBXBuildFile; fileRef = 9170623227BF7274005C2983 /* ContentView.swift */; };
		9170623527BF79D9005C2983 /* ActivityIndicator.swift in Sources */ = {isa = PBXBuildFile; fileRef = 9170623427BF79D9005C2983 /* ActivityIndicator.swift */; };
		9170623727BF85E8005C2983 /* ProgressHUDModifier.swift in Sources */ = {isa = PBXBuildFile; fileRef = 9170623627BF85E8005C2983 /* ProgressHUDModifier.swift */; };
		9181DFD727E35E130028B5D8 /* ChatAssignmentRow.swift in Sources */ = {isa = PBXBuildFile; fileRef = 9181DFD627E35E130028B5D8 /* ChatAssignmentRow.swift */; };
		9181DFD927E403380028B5D8 /* ImageMembersCard.swift in Sources */ = {isa = PBXBuildFile; fileRef = 9181DFD827E403370028B5D8 /* ImageMembersCard.swift */; };
		918EE07727D43DFF00D38EA1 /* GoogleAuthManager.swift in Sources */ = {isa = PBXBuildFile; fileRef = 918EE07627D43DFF00D38EA1 /* GoogleAuthManager.swift */; };
		918EE07A27D43E9400D38EA1 /* GoogleSignIn in Frameworks */ = {isa = PBXBuildFile; productRef = 918EE07927D43E9400D38EA1 /* GoogleSignIn */; };
		918EE07E27D57A6B00D38EA1 /* ImagePicker.swift in Sources */ = {isa = PBXBuildFile; fileRef = 918EE07D27D57A6B00D38EA1 /* ImagePicker.swift */; };
		918EE08027D57AEE00D38EA1 /* AssignmentEntity.swift in Sources */ = {isa = PBXBuildFile; fileRef = 918EE07F27D57AEE00D38EA1 /* AssignmentEntity.swift */; };
		918F190927F08D2A00FE0C3E /* WidgetKit.framework in Frameworks */ = {isa = PBXBuildFile; fileRef = 918F190827F08D2A00FE0C3E /* WidgetKit.framework */; platformFilter = maccatalyst; };
		918F190B27F08D2A00FE0C3E /* SwiftUI.framework in Frameworks */ = {isa = PBXBuildFile; fileRef = 918F190A27F08D2A00FE0C3E /* SwiftUI.framework */; platformFilter = maccatalyst; };
		918F190E27F08D2A00FE0C3E /* ParentifyWidget.swift in Sources */ = {isa = PBXBuildFile; fileRef = 918F190D27F08D2A00FE0C3E /* ParentifyWidget.swift */; };
		918F191127F08D2F00FE0C3E /* Assets.xcassets in Resources */ = {isa = PBXBuildFile; fileRef = 918F191027F08D2F00FE0C3E /* Assets.xcassets */; };
		918F191327F08D2F00FE0C3E /* ParentifyWidget.intentdefinition in Sources */ = {isa = PBXBuildFile; fileRef = 918F190F27F08D2A00FE0C3E /* ParentifyWidget.intentdefinition */; };
		918F191427F08D2F00FE0C3E /* ParentifyWidget.intentdefinition in Sources */ = {isa = PBXBuildFile; fileRef = 918F190F27F08D2A00FE0C3E /* ParentifyWidget.intentdefinition */; };
		918F191727F08D2F00FE0C3E /* ParentifyWidgetExtension.appex in Embed App Extensions */ = {isa = PBXBuildFile; fileRef = 918F190727F08D2900FE0C3E /* ParentifyWidgetExtension.appex */; settings = {ATTRIBUTES = (RemoveHeadersOnCopy, ); }; };
		918F191D27F091AF00FE0C3E /* CardShadowModifier.swift in Sources */ = {isa = PBXBuildFile; fileRef = 91413FE527BA9AFC00799155 /* CardShadowModifier.swift */; };
		918F191E27F091C300FE0C3E /* Color.swift in Sources */ = {isa = PBXBuildFile; fileRef = 91413FEC27BAA07A00799155 /* Color.swift */; };
		918F192027F1293000FE0C3E /* FirebaseAuth in Frameworks */ = {isa = PBXBuildFile; productRef = 918F191F27F1293000FE0C3E /* FirebaseAuth */; };
		918F192227F1293000FE0C3E /* FirebaseDatabase in Frameworks */ = {isa = PBXBuildFile; productRef = 918F192127F1293000FE0C3E /* FirebaseDatabase */; };
		918F192427F1293000FE0C3E /* FirebaseFirestore in Frameworks */ = {isa = PBXBuildFile; productRef = 918F192327F1293000FE0C3E /* FirebaseFirestore */; };
		918F192627F1293000FE0C3E /* FirebaseFirestoreCombine-Community in Frameworks */ = {isa = PBXBuildFile; productRef = 918F192527F1293000FE0C3E /* FirebaseFirestoreCombine-Community */; };
		918F192827F1293000FE0C3E /* FirebaseFirestoreSwift-Beta in Frameworks */ = {isa = PBXBuildFile; productRef = 918F192727F1293000FE0C3E /* FirebaseFirestoreSwift-Beta */; };
		918F192A27F1293000FE0C3E /* FirebaseMessaging in Frameworks */ = {isa = PBXBuildFile; productRef = 918F192927F1293000FE0C3E /* FirebaseMessaging */; };
		918F192B27F12AB900FE0C3E /* FirebaseManager.swift in Sources */ = {isa = PBXBuildFile; fileRef = 91FF766C27BDF37B001B9CED /* FirebaseManager.swift */; };
		918F192C27F12AD300FE0C3E /* UserEntity.swift in Sources */ = {isa = PBXBuildFile; fileRef = 91FF766E27BDF443001B9CED /* UserEntity.swift */; };
		918F192D27F12AD600FE0C3E /* MessageEntity.swift in Sources */ = {isa = PBXBuildFile; fileRef = 9104EFC827C21AFC0099A294 /* MessageEntity.swift */; };
		918F192E27F12AD900FE0C3E /* AssignmentEntity.swift in Sources */ = {isa = PBXBuildFile; fileRef = 918EE07F27D57AEE00D38EA1 /* AssignmentEntity.swift */; };
		918F192F27F12ADB00FE0C3E /* ChatChannelEntity.swift in Sources */ = {isa = PBXBuildFile; fileRef = 91C4054527DC92EC007174A0 /* ChatChannelEntity.swift */; };
		918F193027F12ADD00FE0C3E /* ChatEntity.swift in Sources */ = {isa = PBXBuildFile; fileRef = 91C4054727DC9303007174A0 /* ChatEntity.swift */; };
		918F193227F12B4100FE0C3E /* FirebaseStorage in Frameworks */ = {isa = PBXBuildFile; productRef = 918F193127F12B4100FE0C3E /* FirebaseStorage */; };
		918F193427F12B4100FE0C3E /* FirebaseStorageSwift-Beta in Frameworks */ = {isa = PBXBuildFile; productRef = 918F193327F12B4100FE0C3E /* FirebaseStorageSwift-Beta */; };
		918F193627F12DE700FE0C3E /* Date.swift in Sources */ = {isa = PBXBuildFile; fileRef = 91413FEF27BAA08C00799155 /* Date.swift */; };
		918F193727F12DEC00FE0C3E /* String.swift in Sources */ = {isa = PBXBuildFile; fileRef = 91413FF227BAA0AB00799155 /* String.swift */; };
		918F193827F12E3800FE0C3E /* BodyCodable.swift in Sources */ = {isa = PBXBuildFile; fileRef = 91FF767327BDFA0A001B9CED /* BodyCodable.swift */; };
		918F193927F12E5300FE0C3E /* FirebaseReference.swift in Sources */ = {isa = PBXBuildFile; fileRef = 91938AA427E0A5CB0020F66A /* FirebaseReference.swift */; };
		918F193A27F12E5700FE0C3E /* Query.swift in Sources */ = {isa = PBXBuildFile; fileRef = 915E9FF127DECE2500104429 /* Query.swift */; };
		91938AA527E0A5CB0020F66A /* FirebaseReference.swift in Sources */ = {isa = PBXBuildFile; fileRef = 91938AA427E0A5CB0020F66A /* FirebaseReference.swift */; };
		91A5C0A327C117CD00D861DA /* MemojiView.swift in Sources */ = {isa = PBXBuildFile; fileRef = 91A5C0A227C117CD00D861DA /* MemojiView.swift */; };
		91ABD46127EF3606003BF515 /* Binding.swift in Sources */ = {isa = PBXBuildFile; fileRef = 91ABD46027EF3606003BF515 /* Binding.swift */; };
		91B3293E27BCD31300FBFA00 /* ButtonStyles.swift in Sources */ = {isa = PBXBuildFile; fileRef = 91B3293927BCD31300FBFA00 /* ButtonStyles.swift */; };
		91B3293F27BCD31400FBFA00 /* DateTextField.swift in Sources */ = {isa = PBXBuildFile; fileRef = 91B3293A27BCD31300FBFA00 /* DateTextField.swift */; };
		91B3294027BCD31400FBFA00 /* CommonTextField.swift in Sources */ = {isa = PBXBuildFile; fileRef = 91B3293B27BCD31300FBFA00 /* CommonTextField.swift */; };
		91B3294127BCD31400FBFA00 /* BlurView.swift in Sources */ = {isa = PBXBuildFile; fileRef = 91B3293C27BCD31300FBFA00 /* BlurView.swift */; };
		91B3294227BCD31400FBFA00 /* MemojiTextView.swift in Sources */ = {isa = PBXBuildFile; fileRef = 91B3293D27BCD31300FBFA00 /* MemojiTextView.swift */; };
		91B3294427BCD34800FBFA00 /* RoundedCornersModifier.swift in Sources */ = {isa = PBXBuildFile; fileRef = 91B3294327BCD34800FBFA00 /* RoundedCornersModifier.swift */; };
		91B3295627BCD7A200FBFA00 /* HomeView.swift in Sources */ = {isa = PBXBuildFile; fileRef = 91B3295527BCD7A200FBFA00 /* HomeView.swift */; };
		91B3295827BCD7C500FBFA00 /* ProfileView.swift in Sources */ = {isa = PBXBuildFile; fileRef = 91B3295727BCD7C500FBFA00 /* ProfileView.swift */; };
		91B3295A27BCD81B00FBFA00 /* Dropdown.swift in Sources */ = {isa = PBXBuildFile; fileRef = 91B3295927BCD81B00FBFA00 /* Dropdown.swift */; };
		91B3295C27BCD86000FBFA00 /* ImageCard.swift in Sources */ = {isa = PBXBuildFile; fileRef = 91B3295B27BCD86000FBFA00 /* ImageCard.swift */; };
		91B3295E27BCD8AC00FBFA00 /* MessagesCard.swift in Sources */ = {isa = PBXBuildFile; fileRef = 91B3295D27BCD8AC00FBFA00 /* MessagesCard.swift */; };
		91B3296027BCDA3300FBFA00 /* User.swift in Sources */ = {isa = PBXBuildFile; fileRef = 91B3295F27BCDA3300FBFA00 /* User.swift */; };
		91B3296227BCDD8B00FBFA00 /* MembershipRouter.swift in Sources */ = {isa = PBXBuildFile; fileRef = 91B3296127BCDD8B00FBFA00 /* MembershipRouter.swift */; };
		91B3296427BCDDE800FBFA00 /* ChatRouter.swift in Sources */ = {isa = PBXBuildFile; fileRef = 91B3296327BCDDE800FBFA00 /* ChatRouter.swift */; };
		91B3296627BCDDFE00FBFA00 /* ChatView.swift in Sources */ = {isa = PBXBuildFile; fileRef = 91B3296527BCDDFE00FBFA00 /* ChatView.swift */; };
		91B3296827BCDE3400FBFA00 /* AssignmentDetailView.swift in Sources */ = {isa = PBXBuildFile; fileRef = 91B3296727BCDE3400FBFA00 /* AssignmentDetailView.swift */; };
		91B3296A27BCDE4800FBFA00 /* AssignmentGroupView.swift in Sources */ = {isa = PBXBuildFile; fileRef = 91B3296927BCDE4800FBFA00 /* AssignmentGroupView.swift */; };
		91B3296C27BCDED100FBFA00 /* AssignmentRouter.swift in Sources */ = {isa = PBXBuildFile; fileRef = 91B3296B27BCDED100FBFA00 /* AssignmentRouter.swift */; };
		91B3296E27BCDF0600FBFA00 /* HomeRouter.swift in Sources */ = {isa = PBXBuildFile; fileRef = 91B3296D27BCDF0600FBFA00 /* HomeRouter.swift */; };
		91B3297027BCDF4100FBFA00 /* AssignmentPresenter.swift in Sources */ = {isa = PBXBuildFile; fileRef = 91B3296F27BCDF4100FBFA00 /* AssignmentPresenter.swift */; };
		91B3297227BCDF6F00FBFA00 /* ChatPresenter.swift in Sources */ = {isa = PBXBuildFile; fileRef = 91B3297127BCDF6F00FBFA00 /* ChatPresenter.swift */; };
		91B3297427BCDF8200FBFA00 /* MembershipPresenter.swift in Sources */ = {isa = PBXBuildFile; fileRef = 91B3297327BCDF8200FBFA00 /* MembershipPresenter.swift */; };
		91B3297627BCDF9C00FBFA00 /* HomePresenter.swift in Sources */ = {isa = PBXBuildFile; fileRef = 91B3297527BCDF9C00FBFA00 /* HomePresenter.swift */; };
		91B3297827BCDFB500FBFA00 /* AssignmentAssembler.swift in Sources */ = {isa = PBXBuildFile; fileRef = 91B3297727BCDFB500FBFA00 /* AssignmentAssembler.swift */; };
		91B3297A27BCE00B00FBFA00 /* ChatAssembler.swift in Sources */ = {isa = PBXBuildFile; fileRef = 91B3297927BCE00B00FBFA00 /* ChatAssembler.swift */; };
		91B3297C27BCE02C00FBFA00 /* MembershipAssembler.swift in Sources */ = {isa = PBXBuildFile; fileRef = 91B3297B27BCE02C00FBFA00 /* MembershipAssembler.swift */; };
		91B3297E27BCE04B00FBFA00 /* HomeAssembler.swift in Sources */ = {isa = PBXBuildFile; fileRef = 91B3297D27BCE04B00FBFA00 /* HomeAssembler.swift */; };
		91B3298027BCE2AE00FBFA00 /* AssignmentRow.swift in Sources */ = {isa = PBXBuildFile; fileRef = 91B3297F27BCE2AE00FBFA00 /* AssignmentRow.swift */; };
		91B3298227BCE37100FBFA00 /* Assignment.swift in Sources */ = {isa = PBXBuildFile; fileRef = 91B3298127BCE37100FBFA00 /* Assignment.swift */; };
		91B3298427BCE61B00FBFA00 /* Chat.swift in Sources */ = {isa = PBXBuildFile; fileRef = 91B3298327BCE61B00FBFA00 /* Chat.swift */; };
		91B3298627BCEC4A00FBFA00 /* Dummies.swift in Sources */ = {isa = PBXBuildFile; fileRef = 91B3298527BCEC4A00FBFA00 /* Dummies.swift */; };
		91B3298827BD11DB00FBFA00 /* ChatRow.swift in Sources */ = {isa = PBXBuildFile; fileRef = 91B3298727BD11DB00FBFA00 /* ChatRow.swift */; };
		91B3298A27BD29D900FBFA00 /* ChatInputField.swift in Sources */ = {isa = PBXBuildFile; fileRef = 91B3298927BD29D900FBFA00 /* ChatInputField.swift */; };
		91B3298C27BD309B00FBFA00 /* MessagesView.swift in Sources */ = {isa = PBXBuildFile; fileRef = 91B3298B27BD309B00FBFA00 /* MessagesView.swift */; };
		91B3298E27BD30CB00FBFA00 /* MessagesRow.swift in Sources */ = {isa = PBXBuildFile; fileRef = 91B3298D27BD30CB00FBFA00 /* MessagesRow.swift */; };
		91B3299027BD35A000FBFA00 /* SignInView.swift in Sources */ = {isa = PBXBuildFile; fileRef = 91B3298F27BD35A000FBFA00 /* SignInView.swift */; };
		91BD8C1F27CF1990006B8055 /* CustomDialogModifier.swift in Sources */ = {isa = PBXBuildFile; fileRef = 91BD8C1E27CF1990006B8055 /* CustomDialogModifier.swift */; };
		91C4054627DC92EC007174A0 /* ChatChannelEntity.swift in Sources */ = {isa = PBXBuildFile; fileRef = 91C4054527DC92EC007174A0 /* ChatChannelEntity.swift */; };
		91C4054827DC9303007174A0 /* ChatEntity.swift in Sources */ = {isa = PBXBuildFile; fileRef = 91C4054727DC9303007174A0 /* ChatEntity.swift */; };
		91C4054A27DC94F5007174A0 /* ChatMapper.swift in Sources */ = {isa = PBXBuildFile; fileRef = 91C4054927DC94F5007174A0 /* ChatMapper.swift */; };
		91C4054D27DCB006007174A0 /* Introspect in Frameworks */ = {isa = PBXBuildFile; productRef = 91C4054C27DCB006007174A0 /* Introspect */; };
		91D2CAAE27FBD80B00E0F686 /* LaunchScreen.storyboard in Resources */ = {isa = PBXBuildFile; fileRef = 91D2CAAD27FBD80B00E0F686 /* LaunchScreen.storyboard */; };
		91E8FDB827E6051700FC34C6 /* AddChatChannelView.swift in Sources */ = {isa = PBXBuildFile; fileRef = 91E8FDB727E6051700FC34C6 /* AddChatChannelView.swift */; };
		91E8FDBA27E6883000FC34C6 /* AttachUserView.swift in Sources */ = {isa = PBXBuildFile; fileRef = 91E8FDB927E6883000FC34C6 /* AttachUserView.swift */; };
		91F7EEEB27BB340E0008DDD6 /* GoogleService-Info.plist in Resources */ = {isa = PBXBuildFile; fileRef = 91F7EEEA27BB340E0008DDD6 /* GoogleService-Info.plist */; };
		91F7EEEF27BB36FC0008DDD6 /* FirebaseAppCheck in Frameworks */ = {isa = PBXBuildFile; productRef = 91F7EEEE27BB36FC0008DDD6 /* FirebaseAppCheck */; };
		91F7EEF127BB36FC0008DDD6 /* FirebaseAppDistribution-Beta in Frameworks */ = {isa = PBXBuildFile; productRef = 91F7EEF027BB36FC0008DDD6 /* FirebaseAppDistribution-Beta */; };
		91F7EEF327BB36FC0008DDD6 /* FirebaseAuth in Frameworks */ = {isa = PBXBuildFile; productRef = 91F7EEF227BB36FC0008DDD6 /* FirebaseAuth */; };
		91F7EEF527BB36FC0008DDD6 /* FirebaseDatabase in Frameworks */ = {isa = PBXBuildFile; productRef = 91F7EEF427BB36FC0008DDD6 /* FirebaseDatabase */; };
		91F7EEF727BB36FC0008DDD6 /* FirebaseDatabaseSwift-Beta in Frameworks */ = {isa = PBXBuildFile; productRef = 91F7EEF627BB36FC0008DDD6 /* FirebaseDatabaseSwift-Beta */; };
		91F7EEF927BB36FC0008DDD6 /* FirebaseDynamicLinks in Frameworks */ = {isa = PBXBuildFile; productRef = 91F7EEF827BB36FC0008DDD6 /* FirebaseDynamicLinks */; };
		91F7EEFB27BB36FC0008DDD6 /* FirebaseFirestore in Frameworks */ = {isa = PBXBuildFile; productRef = 91F7EEFA27BB36FC0008DDD6 /* FirebaseFirestore */; };
		91F7EEFD27BB36FC0008DDD6 /* FirebaseFirestoreCombine-Community in Frameworks */ = {isa = PBXBuildFile; productRef = 91F7EEFC27BB36FC0008DDD6 /* FirebaseFirestoreCombine-Community */; };
		91F7EEFF27BB36FC0008DDD6 /* FirebaseFirestoreSwift-Beta in Frameworks */ = {isa = PBXBuildFile; productRef = 91F7EEFE27BB36FC0008DDD6 /* FirebaseFirestoreSwift-Beta */; };
		91F7EF0127BB36FC0008DDD6 /* FirebaseMessaging in Frameworks */ = {isa = PBXBuildFile; productRef = 91F7EF0027BB36FC0008DDD6 /* FirebaseMessaging */; };
		91F7EF0327BB36FC0008DDD6 /* FirebaseStorage in Frameworks */ = {isa = PBXBuildFile; productRef = 91F7EF0227BB36FC0008DDD6 /* FirebaseStorage */; };
		91F7EF0527BB36FC0008DDD6 /* FirebaseStorageCombine-Community in Frameworks */ = {isa = PBXBuildFile; productRef = 91F7EF0427BB36FC0008DDD6 /* FirebaseStorageCombine-Community */; };
		91F7EF0727BB36FC0008DDD6 /* FirebaseStorageSwift-Beta in Frameworks */ = {isa = PBXBuildFile; productRef = 91F7EF0627BB36FC0008DDD6 /* FirebaseStorageSwift-Beta */; };
		91FF766D27BDF37B001B9CED /* FirebaseManager.swift in Sources */ = {isa = PBXBuildFile; fileRef = 91FF766C27BDF37B001B9CED /* FirebaseManager.swift */; };
		91FF766F27BDF443001B9CED /* UserEntity.swift in Sources */ = {isa = PBXBuildFile; fileRef = 91FF766E27BDF443001B9CED /* UserEntity.swift */; };
		91FF767227BDF791001B9CED /* Constant.swift in Sources */ = {isa = PBXBuildFile; fileRef = 91FF767127BDF791001B9CED /* Constant.swift */; };
		91FF767427BDFA0A001B9CED /* BodyCodable.swift in Sources */ = {isa = PBXBuildFile; fileRef = 91FF767327BDFA0A001B9CED /* BodyCodable.swift */; };
		91FF767627BE0223001B9CED /* UserMapper.swift in Sources */ = {isa = PBXBuildFile; fileRef = 91FF767527BE0223001B9CED /* UserMapper.swift */; };
		91FF767D27BE3935001B9CED /* BottomSheet in Frameworks */ = {isa = PBXBuildFile; productRef = 91FF767C27BE3935001B9CED /* BottomSheet */; };
		91FF767F27BE3E43001B9CED /* BottomSheetModifier.swift in Sources */ = {isa = PBXBuildFile; fileRef = 91FF767E27BE3E43001B9CED /* BottomSheetModifier.swift */; };
		91FF768127BE4EE6001B9CED /* SelectRoleView.swift in Sources */ = {isa = PBXBuildFile; fileRef = 91FF768027BE4EE6001B9CED /* SelectRoleView.swift */; };
/* End PBXBuildFile section */

/* Begin PBXContainerItemProxy section */
		918F191527F08D2F00FE0C3E /* PBXContainerItemProxy */ = {
			isa = PBXContainerItemProxy;
			containerPortal = 91413FAC27BA95A700799155 /* Project object */;
			proxyType = 1;
			remoteGlobalIDString = 918F190627F08D2900FE0C3E;
			remoteInfo = ParentifyWidgetExtension;
		};
/* End PBXContainerItemProxy section */

/* Begin PBXCopyFilesBuildPhase section */
		918F191827F08D3000FE0C3E /* Embed App Extensions */ = {
			isa = PBXCopyFilesBuildPhase;
			buildActionMask = 2147483647;
			dstPath = "";
			dstSubfolderSpec = 13;
			files = (
				918F191727F08D2F00FE0C3E /* ParentifyWidgetExtension.appex in Embed App Extensions */,
			);
			name = "Embed App Extensions";
			runOnlyForDeploymentPostprocessing = 0;
		};
/* End PBXCopyFilesBuildPhase section */

/* Begin PBXFileReference section */
		9104EFC027C1C1260099A294 /* Notifications.swift */ = {isa = PBXFileReference; lastKnownFileType = sourcecode.swift; path = Notifications.swift; sourceTree = "<group>"; };
		9104EFC227C1EFE50099A294 /* Error.swift */ = {isa = PBXFileReference; lastKnownFileType = sourcecode.swift; path = Error.swift; sourceTree = "<group>"; };
		9104EFC427C1F9BD0099A294 /* UIImage.swift */ = {isa = PBXFileReference; lastKnownFileType = sourcecode.swift; path = UIImage.swift; sourceTree = "<group>"; };
		9104EFC627C20BD10099A294 /* Message.swift */ = {isa = PBXFileReference; lastKnownFileType = sourcecode.swift; path = Message.swift; sourceTree = "<group>"; };
		9104EFC827C21AFC0099A294 /* MessageEntity.swift */ = {isa = PBXFileReference; lastKnownFileType = sourcecode.swift; path = MessageEntity.swift; sourceTree = "<group>"; };
		9104EFCA27C21D340099A294 /* MessageMapper.swift */ = {isa = PBXFileReference; lastKnownFileType = sourcecode.swift; path = MessageMapper.swift; sourceTree = "<group>"; };
		911B364D27F1563B00D52715 /* FirebaseManager+Membership.swift */ = {isa = PBXFileReference; lastKnownFileType = sourcecode.swift; path = "FirebaseManager+Membership.swift"; sourceTree = "<group>"; };
		911B365027F1566300D52715 /* FirebaseManager+Assignment.swift */ = {isa = PBXFileReference; lastKnownFileType = sourcecode.swift; path = "FirebaseManager+Assignment.swift"; sourceTree = "<group>"; };
		911B365327F1567600D52715 /* FirebaseManager+Chat.swift */ = {isa = PBXFileReference; lastKnownFileType = sourcecode.swift; path = "FirebaseManager+Chat.swift"; sourceTree = "<group>"; };
		911B365627F1583D00D52715 /* FirebaseError.swift */ = {isa = PBXFileReference; lastKnownFileType = sourcecode.swift; path = FirebaseError.swift; sourceTree = "<group>"; };
		9128775A27DAC0600065A7B0 /* SFSymbolSource.swift */ = {isa = PBXFileReference; lastKnownFileType = sourcecode.swift; path = SFSymbolSource.swift; sourceTree = "<group>"; };
		9128775C27DAC09E0065A7B0 /* SelectIconView.swift */ = {isa = PBXFileReference; lastKnownFileType = sourcecode.swift; path = SelectIconView.swift; sourceTree = "<group>"; };
		9128775E27DAC1050065A7B0 /* SFSymbol.swift */ = {isa = PBXFileReference; lastKnownFileType = sourcecode.swift; path = SFSymbol.swift; sourceTree = "<group>"; };
		9128776027DAC1570065A7B0 /* SymbolsSortedByDefault.txt */ = {isa = PBXFileReference; fileEncoding = 4; lastKnownFileType = text; path = SymbolsSortedByDefault.txt; sourceTree = "<group>"; };
		9128776127DAC1570065A7B0 /* SymbolsSortedByName.txt */ = {isa = PBXFileReference; fileEncoding = 4; lastKnownFileType = text; path = SymbolsSortedByName.txt; sourceTree = "<group>"; };
		9128776427DAC18A0065A7B0 /* IconRow.swift */ = {isa = PBXFileReference; lastKnownFileType = sourcecode.swift; path = IconRow.swift; sourceTree = "<group>"; };
		912C5CDD27D6CA5500A5E882 /* AssignmentMapper.swift */ = {isa = PBXFileReference; lastKnownFileType = sourcecode.swift; path = AssignmentMapper.swift; sourceTree = "<group>"; };
		9132024E27DD8E07009BE708 /* ChatChannelView.swift */ = {isa = PBXFileReference; lastKnownFileType = sourcecode.swift; path = ChatChannelView.swift; sourceTree = "<group>"; };
		9132025027DD90DC009BE708 /* ChatChannelRow.swift */ = {isa = PBXFileReference; lastKnownFileType = sourcecode.swift; path = ChatChannelRow.swift; sourceTree = "<group>"; };
		9132025227DDDB2E009BE708 /* ReverseScrollView.swift */ = {isa = PBXFileReference; lastKnownFileType = sourcecode.swift; path = ReverseScrollView.swift; sourceTree = "<group>"; };
		91413FB127BA95A700799155 /* ParentifyApp.swift */ = {isa = PBXFileReference; lastKnownFileType = sourcecode.swift; path = ParentifyApp.swift; sourceTree = "<group>"; };
		91413FB327BA95AA00799155 /* Assets.xcassets */ = {isa = PBXFileReference; lastKnownFileType = folder.assetcatalog; path = Assets.xcassets; sourceTree = "<group>"; };
		91413FB827BA95AA00799155 /* Parentify.app */ = {isa = PBXFileReference; explicitFileType = wrapper.application; includeInIndex = 0; path = Parentify.app; sourceTree = BUILT_PRODUCTS_DIR; };
		91413FD127BA997300799155 /* AppAssembler.swift */ = {isa = PBXFileReference; lastKnownFileType = sourcecode.swift; path = AppAssembler.swift; sourceTree = "<group>"; };
		91413FE227BA9AD600799155 /* ViewState.swift */ = {isa = PBXFileReference; lastKnownFileType = sourcecode.swift; path = ViewState.swift; sourceTree = "<group>"; };
		91413FE527BA9AFC00799155 /* CardShadowModifier.swift */ = {isa = PBXFileReference; lastKnownFileType = sourcecode.swift; path = CardShadowModifier.swift; sourceTree = "<group>"; };
		91413FEC27BAA07A00799155 /* Color.swift */ = {isa = PBXFileReference; lastKnownFileType = sourcecode.swift; path = Color.swift; sourceTree = "<group>"; };
		91413FEF27BAA08C00799155 /* Date.swift */ = {isa = PBXFileReference; lastKnownFileType = sourcecode.swift; path = Date.swift; sourceTree = "<group>"; };
		91413FF227BAA0AB00799155 /* String.swift */ = {isa = PBXFileReference; lastKnownFileType = sourcecode.swift; path = String.swift; sourceTree = "<group>"; };
		91413FF527BAA0C500799155 /* View.swift */ = {isa = PBXFileReference; lastKnownFileType = sourcecode.swift; path = View.swift; sourceTree = "<group>"; };
		915E9FF127DECE2500104429 /* Query.swift */ = {isa = PBXFileReference; lastKnownFileType = sourcecode.swift; path = Query.swift; sourceTree = "<group>"; };
		9170623227BF7274005C2983 /* ContentView.swift */ = {isa = PBXFileReference; lastKnownFileType = sourcecode.swift; path = ContentView.swift; sourceTree = "<group>"; };
		9170623427BF79D9005C2983 /* ActivityIndicator.swift */ = {isa = PBXFileReference; fileEncoding = 4; lastKnownFileType = sourcecode.swift; path = ActivityIndicator.swift; sourceTree = "<group>"; };
		9170623627BF85E8005C2983 /* ProgressHUDModifier.swift */ = {isa = PBXFileReference; lastKnownFileType = sourcecode.swift; path = ProgressHUDModifier.swift; sourceTree = "<group>"; };
		9181DFD627E35E130028B5D8 /* ChatAssignmentRow.swift */ = {isa = PBXFileReference; lastKnownFileType = sourcecode.swift; path = ChatAssignmentRow.swift; sourceTree = "<group>"; };
		9181DFD827E403370028B5D8 /* ImageMembersCard.swift */ = {isa = PBXFileReference; lastKnownFileType = sourcecode.swift; path = ImageMembersCard.swift; sourceTree = "<group>"; };
		918EE07627D43DFF00D38EA1 /* GoogleAuthManager.swift */ = {isa = PBXFileReference; lastKnownFileType = sourcecode.swift; path = GoogleAuthManager.swift; sourceTree = "<group>"; };
		918EE07D27D57A6B00D38EA1 /* ImagePicker.swift */ = {isa = PBXFileReference; lastKnownFileType = sourcecode.swift; path = ImagePicker.swift; sourceTree = "<group>"; };
		918EE07F27D57AEE00D38EA1 /* AssignmentEntity.swift */ = {isa = PBXFileReference; lastKnownFileType = sourcecode.swift; path = AssignmentEntity.swift; sourceTree = "<group>"; };
		918F190727F08D2900FE0C3E /* ParentifyWidgetExtension.appex */ = {isa = PBXFileReference; explicitFileType = "wrapper.app-extension"; includeInIndex = 0; path = ParentifyWidgetExtension.appex; sourceTree = BUILT_PRODUCTS_DIR; };
		918F190827F08D2A00FE0C3E /* WidgetKit.framework */ = {isa = PBXFileReference; lastKnownFileType = wrapper.framework; name = WidgetKit.framework; path = System/Library/Frameworks/WidgetKit.framework; sourceTree = SDKROOT; };
		918F190A27F08D2A00FE0C3E /* SwiftUI.framework */ = {isa = PBXFileReference; lastKnownFileType = wrapper.framework; name = SwiftUI.framework; path = System/Library/Frameworks/SwiftUI.framework; sourceTree = SDKROOT; };
		918F190D27F08D2A00FE0C3E /* ParentifyWidget.swift */ = {isa = PBXFileReference; lastKnownFileType = sourcecode.swift; path = ParentifyWidget.swift; sourceTree = "<group>"; };
		918F190F27F08D2A00FE0C3E /* ParentifyWidget.intentdefinition */ = {isa = PBXFileReference; lastKnownFileType = file.intentdefinition; path = ParentifyWidget.intentdefinition; sourceTree = "<group>"; };
		918F191027F08D2F00FE0C3E /* Assets.xcassets */ = {isa = PBXFileReference; lastKnownFileType = folder.assetcatalog; path = Assets.xcassets; sourceTree = "<group>"; };
		918F191227F08D2F00FE0C3E /* Info.plist */ = {isa = PBXFileReference; lastKnownFileType = text.plist.xml; path = Info.plist; sourceTree = "<group>"; };
		91938AA427E0A5CB0020F66A /* FirebaseReference.swift */ = {isa = PBXFileReference; lastKnownFileType = sourcecode.swift; path = FirebaseReference.swift; sourceTree = "<group>"; };
		91A5C0A227C117CD00D861DA /* MemojiView.swift */ = {isa = PBXFileReference; lastKnownFileType = sourcecode.swift; path = MemojiView.swift; sourceTree = "<group>"; };
		91ABD46027EF3606003BF515 /* Binding.swift */ = {isa = PBXFileReference; lastKnownFileType = sourcecode.swift; path = Binding.swift; sourceTree = "<group>"; };
		91B3293927BCD31300FBFA00 /* ButtonStyles.swift */ = {isa = PBXFileReference; fileEncoding = 4; lastKnownFileType = sourcecode.swift; path = ButtonStyles.swift; sourceTree = "<group>"; };
		91B3293A27BCD31300FBFA00 /* DateTextField.swift */ = {isa = PBXFileReference; fileEncoding = 4; lastKnownFileType = sourcecode.swift; path = DateTextField.swift; sourceTree = "<group>"; };
		91B3293B27BCD31300FBFA00 /* CommonTextField.swift */ = {isa = PBXFileReference; fileEncoding = 4; lastKnownFileType = sourcecode.swift; path = CommonTextField.swift; sourceTree = "<group>"; };
		91B3293C27BCD31300FBFA00 /* BlurView.swift */ = {isa = PBXFileReference; fileEncoding = 4; lastKnownFileType = sourcecode.swift; path = BlurView.swift; sourceTree = "<group>"; };
		91B3293D27BCD31300FBFA00 /* MemojiTextView.swift */ = {isa = PBXFileReference; fileEncoding = 4; lastKnownFileType = sourcecode.swift; path = MemojiTextView.swift; sourceTree = "<group>"; };
		91B3294327BCD34800FBFA00 /* RoundedCornersModifier.swift */ = {isa = PBXFileReference; fileEncoding = 4; lastKnownFileType = sourcecode.swift; path = RoundedCornersModifier.swift; sourceTree = "<group>"; };
		91B3295527BCD7A200FBFA00 /* HomeView.swift */ = {isa = PBXFileReference; lastKnownFileType = sourcecode.swift; path = HomeView.swift; sourceTree = "<group>"; };
		91B3295727BCD7C500FBFA00 /* ProfileView.swift */ = {isa = PBXFileReference; lastKnownFileType = sourcecode.swift; path = ProfileView.swift; sourceTree = "<group>"; };
		91B3295927BCD81B00FBFA00 /* Dropdown.swift */ = {isa = PBXFileReference; lastKnownFileType = sourcecode.swift; path = Dropdown.swift; sourceTree = "<group>"; };
		91B3295B27BCD86000FBFA00 /* ImageCard.swift */ = {isa = PBXFileReference; lastKnownFileType = sourcecode.swift; path = ImageCard.swift; sourceTree = "<group>"; };
		91B3295D27BCD8AC00FBFA00 /* MessagesCard.swift */ = {isa = PBXFileReference; lastKnownFileType = sourcecode.swift; path = MessagesCard.swift; sourceTree = "<group>"; };
		91B3295F27BCDA3300FBFA00 /* User.swift */ = {isa = PBXFileReference; fileEncoding = 4; lastKnownFileType = sourcecode.swift; path = User.swift; sourceTree = "<group>"; };
		91B3296127BCDD8B00FBFA00 /* MembershipRouter.swift */ = {isa = PBXFileReference; lastKnownFileType = sourcecode.swift; path = MembershipRouter.swift; sourceTree = "<group>"; };
		91B3296327BCDDE800FBFA00 /* ChatRouter.swift */ = {isa = PBXFileReference; lastKnownFileType = sourcecode.swift; path = ChatRouter.swift; sourceTree = "<group>"; };
		91B3296527BCDDFE00FBFA00 /* ChatView.swift */ = {isa = PBXFileReference; lastKnownFileType = sourcecode.swift; path = ChatView.swift; sourceTree = "<group>"; };
		91B3296727BCDE3400FBFA00 /* AssignmentDetailView.swift */ = {isa = PBXFileReference; lastKnownFileType = sourcecode.swift; path = AssignmentDetailView.swift; sourceTree = "<group>"; };
		91B3296927BCDE4800FBFA00 /* AssignmentGroupView.swift */ = {isa = PBXFileReference; lastKnownFileType = sourcecode.swift; path = AssignmentGroupView.swift; sourceTree = "<group>"; };
		91B3296B27BCDED100FBFA00 /* AssignmentRouter.swift */ = {isa = PBXFileReference; lastKnownFileType = sourcecode.swift; path = AssignmentRouter.swift; sourceTree = "<group>"; };
		91B3296D27BCDF0600FBFA00 /* HomeRouter.swift */ = {isa = PBXFileReference; lastKnownFileType = sourcecode.swift; path = HomeRouter.swift; sourceTree = "<group>"; };
		91B3296F27BCDF4100FBFA00 /* AssignmentPresenter.swift */ = {isa = PBXFileReference; lastKnownFileType = sourcecode.swift; path = AssignmentPresenter.swift; sourceTree = "<group>"; };
		91B3297127BCDF6F00FBFA00 /* ChatPresenter.swift */ = {isa = PBXFileReference; lastKnownFileType = sourcecode.swift; path = ChatPresenter.swift; sourceTree = "<group>"; };
		91B3297327BCDF8200FBFA00 /* MembershipPresenter.swift */ = {isa = PBXFileReference; lastKnownFileType = sourcecode.swift; path = MembershipPresenter.swift; sourceTree = "<group>"; };
		91B3297527BCDF9C00FBFA00 /* HomePresenter.swift */ = {isa = PBXFileReference; lastKnownFileType = sourcecode.swift; path = HomePresenter.swift; sourceTree = "<group>"; };
		91B3297727BCDFB500FBFA00 /* AssignmentAssembler.swift */ = {isa = PBXFileReference; lastKnownFileType = sourcecode.swift; path = AssignmentAssembler.swift; sourceTree = "<group>"; };
		91B3297927BCE00B00FBFA00 /* ChatAssembler.swift */ = {isa = PBXFileReference; lastKnownFileType = sourcecode.swift; path = ChatAssembler.swift; sourceTree = "<group>"; };
		91B3297B27BCE02C00FBFA00 /* MembershipAssembler.swift */ = {isa = PBXFileReference; lastKnownFileType = sourcecode.swift; path = MembershipAssembler.swift; sourceTree = "<group>"; };
		91B3297D27BCE04B00FBFA00 /* HomeAssembler.swift */ = {isa = PBXFileReference; lastKnownFileType = sourcecode.swift; path = HomeAssembler.swift; sourceTree = "<group>"; };
		91B3297F27BCE2AE00FBFA00 /* AssignmentRow.swift */ = {isa = PBXFileReference; lastKnownFileType = sourcecode.swift; path = AssignmentRow.swift; sourceTree = "<group>"; };
		91B3298127BCE37100FBFA00 /* Assignment.swift */ = {isa = PBXFileReference; lastKnownFileType = sourcecode.swift; path = Assignment.swift; sourceTree = "<group>"; };
		91B3298327BCE61B00FBFA00 /* Chat.swift */ = {isa = PBXFileReference; lastKnownFileType = sourcecode.swift; path = Chat.swift; sourceTree = "<group>"; };
		91B3298527BCEC4A00FBFA00 /* Dummies.swift */ = {isa = PBXFileReference; lastKnownFileType = sourcecode.swift; path = Dummies.swift; sourceTree = "<group>"; };
		91B3298727BD11DB00FBFA00 /* ChatRow.swift */ = {isa = PBXFileReference; lastKnownFileType = sourcecode.swift; path = ChatRow.swift; sourceTree = "<group>"; };
		91B3298927BD29D900FBFA00 /* ChatInputField.swift */ = {isa = PBXFileReference; lastKnownFileType = sourcecode.swift; path = ChatInputField.swift; sourceTree = "<group>"; };
		91B3298B27BD309B00FBFA00 /* MessagesView.swift */ = {isa = PBXFileReference; lastKnownFileType = sourcecode.swift; path = MessagesView.swift; sourceTree = "<group>"; };
		91B3298D27BD30CB00FBFA00 /* MessagesRow.swift */ = {isa = PBXFileReference; lastKnownFileType = sourcecode.swift; path = MessagesRow.swift; sourceTree = "<group>"; };
		91B3298F27BD35A000FBFA00 /* SignInView.swift */ = {isa = PBXFileReference; lastKnownFileType = sourcecode.swift; path = SignInView.swift; sourceTree = "<group>"; };
		91BD8C1E27CF1990006B8055 /* CustomDialogModifier.swift */ = {isa = PBXFileReference; lastKnownFileType = sourcecode.swift; path = CustomDialogModifier.swift; sourceTree = "<group>"; };
		91C4054527DC92EC007174A0 /* ChatChannelEntity.swift */ = {isa = PBXFileReference; lastKnownFileType = sourcecode.swift; path = ChatChannelEntity.swift; sourceTree = "<group>"; };
		91C4054727DC9303007174A0 /* ChatEntity.swift */ = {isa = PBXFileReference; lastKnownFileType = sourcecode.swift; path = ChatEntity.swift; sourceTree = "<group>"; };
		91C4054927DC94F5007174A0 /* ChatMapper.swift */ = {isa = PBXFileReference; lastKnownFileType = sourcecode.swift; path = ChatMapper.swift; sourceTree = "<group>"; };
		91D2CAAD27FBD80B00E0F686 /* LaunchScreen.storyboard */ = {isa = PBXFileReference; lastKnownFileType = file.storyboard; path = LaunchScreen.storyboard; sourceTree = "<group>"; };
		91E8FDB727E6051700FC34C6 /* AddChatChannelView.swift */ = {isa = PBXFileReference; lastKnownFileType = sourcecode.swift; path = AddChatChannelView.swift; sourceTree = "<group>"; };
		91E8FDB927E6883000FC34C6 /* AttachUserView.swift */ = {isa = PBXFileReference; lastKnownFileType = sourcecode.swift; path = AttachUserView.swift; sourceTree = "<group>"; };
		91F7EEEA27BB340E0008DDD6 /* GoogleService-Info.plist */ = {isa = PBXFileReference; fileEncoding = 4; lastKnownFileType = text.plist.xml; path = "GoogleService-Info.plist"; sourceTree = "<group>"; };
		91FE127727BFD91C00A4270D /* Info.plist */ = {isa = PBXFileReference; lastKnownFileType = text.plist; path = Info.plist; sourceTree = "<group>"; };
		91FF766C27BDF37B001B9CED /* FirebaseManager.swift */ = {isa = PBXFileReference; lastKnownFileType = sourcecode.swift; path = FirebaseManager.swift; sourceTree = "<group>"; };
		91FF766E27BDF443001B9CED /* UserEntity.swift */ = {isa = PBXFileReference; lastKnownFileType = sourcecode.swift; path = UserEntity.swift; sourceTree = "<group>"; };
		91FF767127BDF791001B9CED /* Constant.swift */ = {isa = PBXFileReference; lastKnownFileType = sourcecode.swift; path = Constant.swift; sourceTree = "<group>"; };
		91FF767327BDFA0A001B9CED /* BodyCodable.swift */ = {isa = PBXFileReference; lastKnownFileType = sourcecode.swift; path = BodyCodable.swift; sourceTree = "<group>"; };
		91FF767527BE0223001B9CED /* UserMapper.swift */ = {isa = PBXFileReference; lastKnownFileType = sourcecode.swift; path = UserMapper.swift; sourceTree = "<group>"; };
		91FF767E27BE3E43001B9CED /* BottomSheetModifier.swift */ = {isa = PBXFileReference; fileEncoding = 4; lastKnownFileType = sourcecode.swift; path = BottomSheetModifier.swift; sourceTree = "<group>"; };
		91FF768027BE4EE6001B9CED /* SelectRoleView.swift */ = {isa = PBXFileReference; lastKnownFileType = sourcecode.swift; path = SelectRoleView.swift; sourceTree = "<group>"; };
/* End PBXFileReference section */

/* Begin PBXFrameworksBuildPhase section */
		91413FB527BA95AA00799155 /* Frameworks */ = {
			isa = PBXFrameworksBuildPhase;
			buildActionMask = 2147483647;
			files = (
				91F7EEF727BB36FC0008DDD6 /* FirebaseDatabaseSwift-Beta in Frameworks */,
				91F7EEFD27BB36FC0008DDD6 /* FirebaseFirestoreCombine-Community in Frameworks */,
				91F7EF0127BB36FC0008DDD6 /* FirebaseMessaging in Frameworks */,
				91F7EEEF27BB36FC0008DDD6 /* FirebaseAppCheck in Frameworks */,
				91F7EEF327BB36FC0008DDD6 /* FirebaseAuth in Frameworks */,
				91C4054D27DCB006007174A0 /* Introspect in Frameworks */,
				918EE07A27D43E9400D38EA1 /* GoogleSignIn in Frameworks */,
				91F7EEF527BB36FC0008DDD6 /* FirebaseDatabase in Frameworks */,
				91F7EEF127BB36FC0008DDD6 /* FirebaseAppDistribution-Beta in Frameworks */,
				91F7EF0727BB36FC0008DDD6 /* FirebaseStorageSwift-Beta in Frameworks */,
				91F7EEFF27BB36FC0008DDD6 /* FirebaseFirestoreSwift-Beta in Frameworks */,
				91FF767D27BE3935001B9CED /* BottomSheet in Frameworks */,
				91F7EF0327BB36FC0008DDD6 /* FirebaseStorage in Frameworks */,
				91F7EEF927BB36FC0008DDD6 /* FirebaseDynamicLinks in Frameworks */,
				91F7EF0527BB36FC0008DDD6 /* FirebaseStorageCombine-Community in Frameworks */,
				91F7EEFB27BB36FC0008DDD6 /* FirebaseFirestore in Frameworks */,
			);
			runOnlyForDeploymentPostprocessing = 0;
		};
		918F190427F08D2900FE0C3E /* Frameworks */ = {
			isa = PBXFrameworksBuildPhase;
			buildActionMask = 2147483647;
			files = (
				918F192A27F1293000FE0C3E /* FirebaseMessaging in Frameworks */,
				918F190B27F08D2A00FE0C3E /* SwiftUI.framework in Frameworks */,
				918F193227F12B4100FE0C3E /* FirebaseStorage in Frameworks */,
				918F192027F1293000FE0C3E /* FirebaseAuth in Frameworks */,
				918F192827F1293000FE0C3E /* FirebaseFirestoreSwift-Beta in Frameworks */,
				918F193427F12B4100FE0C3E /* FirebaseStorageSwift-Beta in Frameworks */,
				918F192227F1293000FE0C3E /* FirebaseDatabase in Frameworks */,
				918F192627F1293000FE0C3E /* FirebaseFirestoreCombine-Community in Frameworks */,
				918F192427F1293000FE0C3E /* FirebaseFirestore in Frameworks */,
				918F190927F08D2A00FE0C3E /* WidgetKit.framework in Frameworks */,
			);
			runOnlyForDeploymentPostprocessing = 0;
		};
/* End PBXFrameworksBuildPhase section */

/* Begin PBXGroup section */
		911B364C27F1560B00D52715 /* Firebase */ = {
			isa = PBXGroup;
			children = (
				91FF766C27BDF37B001B9CED /* FirebaseManager.swift */,
				918EE07627D43DFF00D38EA1 /* GoogleAuthManager.swift */,
				911B364D27F1563B00D52715 /* FirebaseManager+Membership.swift */,
				911B365027F1566300D52715 /* FirebaseManager+Assignment.swift */,
				911B365327F1567600D52715 /* FirebaseManager+Chat.swift */,
			);
			path = Firebase;
			sourceTree = "<group>";
		};
		91413FAB27BA95A700799155 = {
			isa = PBXGroup;
			children = (
				91413FB027BA95A700799155 /* Parentify */,
				918F190C27F08D2A00FE0C3E /* ParentifyWidget */,
				91413FB927BA95AA00799155 /* Products */,
				91F7EF0927BB59400008DDD6 /* Frameworks */,
			);
			sourceTree = "<group>";
		};
		91413FB027BA95A700799155 /* Parentify */ = {
			isa = PBXGroup;
			children = (
				91FE127727BFD91C00A4270D /* Info.plist */,
				91413FCF27BA993B00799155 /* Dependency */,
				91413FD327BA998100799155 /* App */,
				91413FD427BA998800799155 /* Data */,
			);
			path = Parentify;
			sourceTree = "<group>";
		};
		91413FB927BA95AA00799155 /* Products */ = {
			isa = PBXGroup;
			children = (
				91413FB827BA95AA00799155 /* Parentify.app */,
				918F190727F08D2900FE0C3E /* ParentifyWidgetExtension.appex */,
			);
			name = Products;
			sourceTree = "<group>";
		};
		91413FCF27BA993B00799155 /* Dependency */ = {
			isa = PBXGroup;
			children = (
				91413FD027BA994D00799155 /* Features */,
				91413FD127BA997300799155 /* AppAssembler.swift */,
			);
			path = Dependency;
			sourceTree = "<group>";
		};
		91413FD027BA994D00799155 /* Features */ = {
			isa = PBXGroup;
			children = (
				91B3297727BCDFB500FBFA00 /* AssignmentAssembler.swift */,
				91B3297927BCE00B00FBFA00 /* ChatAssembler.swift */,
				91B3297B27BCE02C00FBFA00 /* MembershipAssembler.swift */,
				91B3297D27BCE04B00FBFA00 /* HomeAssembler.swift */,
			);
			path = Features;
			sourceTree = "<group>";
		};
		91413FD327BA998100799155 /* App */ = {
			isa = PBXGroup;
			children = (
				91413FD527BA999B00799155 /* Features */,
				91413FD627BA99A400799155 /* Main */,
				91413FD727BA99AE00799155 /* Resources */,
				91413FD827BA99BA00799155 /* Utils */,
			);
			path = App;
			sourceTree = "<group>";
		};
		91413FD427BA998800799155 /* Data */ = {
			isa = PBXGroup;
			children = (
				91413FD927BA9A0000799155 /* Mapper */,
				91413FDA27BA9A0600799155 /* Model */,
				91413FDB27BA9A1100799155 /* DataSource */,
				91413FDC27BA9A1800799155 /* Entity */,
				91FF767027BDF778001B9CED /* Utils */,
			);
			path = Data;
			sourceTree = "<group>";
		};
		91413FD527BA999B00799155 /* Features */ = {
			isa = PBXGroup;
			children = (
				91B3294B27BCD56000FBFA00 /* Assignment */,
				91B3294727BCD4F700FBFA00 /* Chat */,
				91B3294627BCD4D700FBFA00 /* Membership */,
				91B3294527BCD4C800FBFA00 /* Home */,
				9128775C27DAC09E0065A7B0 /* SelectIconView.swift */,
			);
			path = Features;
			sourceTree = "<group>";
		};
		91413FD627BA99A400799155 /* Main */ = {
			isa = PBXGroup;
			children = (
				91413FB127BA95A700799155 /* ParentifyApp.swift */,
			);
			path = Main;
			sourceTree = "<group>";
		};
		91413FD727BA99AE00799155 /* Resources */ = {
			isa = PBXGroup;
			children = (
				9128776027DAC1570065A7B0 /* SymbolsSortedByDefault.txt */,
				9128776127DAC1570065A7B0 /* SymbolsSortedByName.txt */,
				91413FB327BA95AA00799155 /* Assets.xcassets */,
				91F7EEEA27BB340E0008DDD6 /* GoogleService-Info.plist */,
				91D2CAAD27FBD80B00E0F686 /* LaunchScreen.storyboard */,
			);
			path = Resources;
			sourceTree = "<group>";
		};
		91413FD827BA99BA00799155 /* Utils */ = {
			isa = PBXGroup;
			children = (
				91413FDD27BA9A8A00799155 /* CustomViews */,
				91413FDE27BA9A9600799155 /* Extensions */,
				91413FDF27BA9AA000799155 /* Modifiers */,
				91413FE227BA9AD600799155 /* ViewState.swift */,
				9104EFC027C1C1260099A294 /* Notifications.swift */,
			);
			path = Utils;
			sourceTree = "<group>";
		};
		91413FD927BA9A0000799155 /* Mapper */ = {
			isa = PBXGroup;
			children = (
				91FF767527BE0223001B9CED /* UserMapper.swift */,
				9104EFCA27C21D340099A294 /* MessageMapper.swift */,
				912C5CDD27D6CA5500A5E882 /* AssignmentMapper.swift */,
				91C4054927DC94F5007174A0 /* ChatMapper.swift */,
			);
			path = Mapper;
			sourceTree = "<group>";
		};
		91413FDA27BA9A0600799155 /* Model */ = {
			isa = PBXGroup;
			children = (
				91B3295F27BCDA3300FBFA00 /* User.swift */,
				91B3298127BCE37100FBFA00 /* Assignment.swift */,
				91B3298327BCE61B00FBFA00 /* Chat.swift */,
				9104EFC627C20BD10099A294 /* Message.swift */,
				9128775E27DAC1050065A7B0 /* SFSymbol.swift */,
			);
			path = Model;
			sourceTree = "<group>";
		};
		91413FDB27BA9A1100799155 /* DataSource */ = {
			isa = PBXGroup;
			children = (
				911B364C27F1560B00D52715 /* Firebase */,
				91B3298527BCEC4A00FBFA00 /* Dummies.swift */,
				9128775A27DAC0600065A7B0 /* SFSymbolSource.swift */,
			);
			path = DataSource;
			sourceTree = "<group>";
		};
		91413FDC27BA9A1800799155 /* Entity */ = {
			isa = PBXGroup;
			children = (
				91FF766E27BDF443001B9CED /* UserEntity.swift */,
				9104EFC827C21AFC0099A294 /* MessageEntity.swift */,
				918EE07F27D57AEE00D38EA1 /* AssignmentEntity.swift */,
				91C4054527DC92EC007174A0 /* ChatChannelEntity.swift */,
				91C4054727DC9303007174A0 /* ChatEntity.swift */,
			);
			path = Entity;
			sourceTree = "<group>";
		};
		91413FDD27BA9A8A00799155 /* CustomViews */ = {
			isa = PBXGroup;
			children = (
				9170623427BF79D9005C2983 /* ActivityIndicator.swift */,
				91B3293C27BCD31300FBFA00 /* BlurView.swift */,
				91B3293927BCD31300FBFA00 /* ButtonStyles.swift */,
				91B3293B27BCD31300FBFA00 /* CommonTextField.swift */,
				91B3293A27BCD31300FBFA00 /* DateTextField.swift */,
				91B3293D27BCD31300FBFA00 /* MemojiTextView.swift */,
				918EE07D27D57A6B00D38EA1 /* ImagePicker.swift */,
				9132025227DDDB2E009BE708 /* ReverseScrollView.swift */,
			);
			path = CustomViews;
			sourceTree = "<group>";
		};
		91413FDE27BA9A9600799155 /* Extensions */ = {
			isa = PBXGroup;
			children = (
				91413FEC27BAA07A00799155 /* Color.swift */,
				91413FEF27BAA08C00799155 /* Date.swift */,
				91413FF227BAA0AB00799155 /* String.swift */,
				91413FF527BAA0C500799155 /* View.swift */,
				9104EFC227C1EFE50099A294 /* Error.swift */,
				9104EFC427C1F9BD0099A294 /* UIImage.swift */,
				915E9FF127DECE2500104429 /* Query.swift */,
				91ABD46027EF3606003BF515 /* Binding.swift */,
			);
			path = Extensions;
			sourceTree = "<group>";
		};
		91413FDF27BA9AA000799155 /* Modifiers */ = {
			isa = PBXGroup;
			children = (
				91FF767E27BE3E43001B9CED /* BottomSheetModifier.swift */,
				91B3294327BCD34800FBFA00 /* RoundedCornersModifier.swift */,
				91413FE527BA9AFC00799155 /* CardShadowModifier.swift */,
				9170623627BF85E8005C2983 /* ProgressHUDModifier.swift */,
				91BD8C1E27CF1990006B8055 /* CustomDialogModifier.swift */,
			);
			path = Modifiers;
			sourceTree = "<group>";
		};
		918F190C27F08D2A00FE0C3E /* ParentifyWidget */ = {
			isa = PBXGroup;
			children = (
				918F190D27F08D2A00FE0C3E /* ParentifyWidget.swift */,
				918F190F27F08D2A00FE0C3E /* ParentifyWidget.intentdefinition */,
				918F191027F08D2F00FE0C3E /* Assets.xcassets */,
				918F191227F08D2F00FE0C3E /* Info.plist */,
			);
			path = ParentifyWidget;
			sourceTree = "<group>";
		};
		91B3294527BCD4C800FBFA00 /* Home */ = {
			isa = PBXGroup;
			children = (
				91B3295227BCD73000FBFA00 /* Router */,
				91B3295327BCD73600FBFA00 /* Presenter */,
				91B3295527BCD7A200FBFA00 /* HomeView.swift */,
				9170623227BF7274005C2983 /* ContentView.swift */,
			);
			path = Home;
			sourceTree = "<group>";
		};
		91B3294627BCD4D700FBFA00 /* Membership */ = {
			isa = PBXGroup;
			children = (
				91B3295027BCD72100FBFA00 /* Presenter */,
				91B3294F27BCD71B00FBFA00 /* Router */,
				91B3295127BCD72800FBFA00 /* Views */,
				91B3295727BCD7C500FBFA00 /* ProfileView.swift */,
				91B3298B27BD309B00FBFA00 /* MessagesView.swift */,
				91FF768027BE4EE6001B9CED /* SelectRoleView.swift */,
				91B3298F27BD35A000FBFA00 /* SignInView.swift */,
			);
			path = Membership;
			sourceTree = "<group>";
		};
		91B3294727BCD4F700FBFA00 /* Chat */ = {
			isa = PBXGroup;
			children = (
				91B3294827BCD51F00FBFA00 /* Router */,
				91B3294A27BCD52B00FBFA00 /* Presenter */,
				91B3294927BCD52500FBFA00 /* Views */,
				91B3296527BCDDFE00FBFA00 /* ChatView.swift */,
				9132024E27DD8E07009BE708 /* ChatChannelView.swift */,
				91E8FDB727E6051700FC34C6 /* AddChatChannelView.swift */,
			);
			path = Chat;
			sourceTree = "<group>";
		};
		91B3294827BCD51F00FBFA00 /* Router */ = {
			isa = PBXGroup;
			children = (
				91B3296327BCDDE800FBFA00 /* ChatRouter.swift */,
			);
			path = Router;
			sourceTree = "<group>";
		};
		91B3294927BCD52500FBFA00 /* Views */ = {
			isa = PBXGroup;
			children = (
				9181DFD627E35E130028B5D8 /* ChatAssignmentRow.swift */,
				9132025027DD90DC009BE708 /* ChatChannelRow.swift */,
				91B3298927BD29D900FBFA00 /* ChatInputField.swift */,
				91B3298727BD11DB00FBFA00 /* ChatRow.swift */,
				9181DFD827E403370028B5D8 /* ImageMembersCard.swift */,
			);
			path = Views;
			sourceTree = "<group>";
		};
		91B3294A27BCD52B00FBFA00 /* Presenter */ = {
			isa = PBXGroup;
			children = (
				91B3297127BCDF6F00FBFA00 /* ChatPresenter.swift */,
			);
			path = Presenter;
			sourceTree = "<group>";
		};
		91B3294B27BCD56000FBFA00 /* Assignment */ = {
			isa = PBXGroup;
			children = (
				91B3294C27BCD70900FBFA00 /* Router */,
				91B3294D27BCD70F00FBFA00 /* Presenter */,
				91B3294E27BCD71500FBFA00 /* Views */,
				91B3296727BCDE3400FBFA00 /* AssignmentDetailView.swift */,
				91B3296927BCDE4800FBFA00 /* AssignmentGroupView.swift */,
			);
			path = Assignment;
			sourceTree = "<group>";
		};
		91B3294C27BCD70900FBFA00 /* Router */ = {
			isa = PBXGroup;
			children = (
				91B3296B27BCDED100FBFA00 /* AssignmentRouter.swift */,
			);
			path = Router;
			sourceTree = "<group>";
		};
		91B3294D27BCD70F00FBFA00 /* Presenter */ = {
			isa = PBXGroup;
			children = (
				91B3296F27BCDF4100FBFA00 /* AssignmentPresenter.swift */,
			);
			path = Presenter;
			sourceTree = "<group>";
		};
		91B3294E27BCD71500FBFA00 /* Views */ = {
			isa = PBXGroup;
			children = (
				91B3297F27BCE2AE00FBFA00 /* AssignmentRow.swift */,
				9128776427DAC18A0065A7B0 /* IconRow.swift */,
			);
			path = Views;
			sourceTree = "<group>";
		};
		91B3294F27BCD71B00FBFA00 /* Router */ = {
			isa = PBXGroup;
			children = (
				91B3296127BCDD8B00FBFA00 /* MembershipRouter.swift */,
			);
			path = Router;
			sourceTree = "<group>";
		};
		91B3295027BCD72100FBFA00 /* Presenter */ = {
			isa = PBXGroup;
			children = (
				91B3297327BCDF8200FBFA00 /* MembershipPresenter.swift */,
			);
			path = Presenter;
			sourceTree = "<group>";
		};
		91B3295127BCD72800FBFA00 /* Views */ = {
			isa = PBXGroup;
			children = (
				91E8FDB927E6883000FC34C6 /* AttachUserView.swift */,
				91B3295927BCD81B00FBFA00 /* Dropdown.swift */,
				91B3295B27BCD86000FBFA00 /* ImageCard.swift */,
				91B3295D27BCD8AC00FBFA00 /* MessagesCard.swift */,
				91B3298D27BD30CB00FBFA00 /* MessagesRow.swift */,
				91A5C0A227C117CD00D861DA /* MemojiView.swift */,
			);
			path = Views;
			sourceTree = "<group>";
		};
		91B3295227BCD73000FBFA00 /* Router */ = {
			isa = PBXGroup;
			children = (
				91B3296D27BCDF0600FBFA00 /* HomeRouter.swift */,
			);
			path = Router;
			sourceTree = "<group>";
		};
		91B3295327BCD73600FBFA00 /* Presenter */ = {
			isa = PBXGroup;
			children = (
				91B3297527BCDF9C00FBFA00 /* HomePresenter.swift */,
			);
			path = Presenter;
			sourceTree = "<group>";
		};
		91F7EF0927BB59400008DDD6 /* Frameworks */ = {
			isa = PBXGroup;
			children = (
				918F190827F08D2A00FE0C3E /* WidgetKit.framework */,
				918F190A27F08D2A00FE0C3E /* SwiftUI.framework */,
			);
			name = Frameworks;
			sourceTree = "<group>";
		};
		91FF767027BDF778001B9CED /* Utils */ = {
			isa = PBXGroup;
			children = (
				91FF767127BDF791001B9CED /* Constant.swift */,
				91FF767327BDFA0A001B9CED /* BodyCodable.swift */,
				91938AA427E0A5CB0020F66A /* FirebaseReference.swift */,
				911B365627F1583D00D52715 /* FirebaseError.swift */,
			);
			path = Utils;
			sourceTree = "<group>";
		};
/* End PBXGroup section */

/* Begin PBXNativeTarget section */
		91413FB727BA95AA00799155 /* Parentify */ = {
			isa = PBXNativeTarget;
			buildConfigurationList = 91413FC927BA95AA00799155 /* Build configuration list for PBXNativeTarget "Parentify" */;
			buildPhases = (
				91413FB427BA95AA00799155 /* Sources */,
				91413FB527BA95AA00799155 /* Frameworks */,
				91413FB627BA95AA00799155 /* Resources */,
				918F191827F08D3000FE0C3E /* Embed App Extensions */,
			);
			buildRules = (
			);
			dependencies = (
				918F191627F08D2F00FE0C3E /* PBXTargetDependency */,
			);
			name = Parentify;
			packageProductDependencies = (
				91F7EEEE27BB36FC0008DDD6 /* FirebaseAppCheck */,
				91F7EEF027BB36FC0008DDD6 /* FirebaseAppDistribution-Beta */,
				91F7EEF227BB36FC0008DDD6 /* FirebaseAuth */,
				91F7EEF427BB36FC0008DDD6 /* FirebaseDatabase */,
				91F7EEF627BB36FC0008DDD6 /* FirebaseDatabaseSwift-Beta */,
				91F7EEF827BB36FC0008DDD6 /* FirebaseDynamicLinks */,
				91F7EEFA27BB36FC0008DDD6 /* FirebaseFirestore */,
				91F7EEFC27BB36FC0008DDD6 /* FirebaseFirestoreCombine-Community */,
				91F7EEFE27BB36FC0008DDD6 /* FirebaseFirestoreSwift-Beta */,
				91F7EF0027BB36FC0008DDD6 /* FirebaseMessaging */,
				91F7EF0227BB36FC0008DDD6 /* FirebaseStorage */,
				91F7EF0427BB36FC0008DDD6 /* FirebaseStorageCombine-Community */,
				91F7EF0627BB36FC0008DDD6 /* FirebaseStorageSwift-Beta */,
				91FF767C27BE3935001B9CED /* BottomSheet */,
				918EE07927D43E9400D38EA1 /* GoogleSignIn */,
				91C4054C27DCB006007174A0 /* Introspect */,
			);
			productName = "Parentify (iOS)";
			productReference = 91413FB827BA95AA00799155 /* Parentify.app */;
			productType = "com.apple.product-type.application";
		};
		918F190627F08D2900FE0C3E /* ParentifyWidgetExtension */ = {
			isa = PBXNativeTarget;
			buildConfigurationList = 918F191B27F08D3000FE0C3E /* Build configuration list for PBXNativeTarget "ParentifyWidgetExtension" */;
			buildPhases = (
				918F190327F08D2900FE0C3E /* Sources */,
				918F190427F08D2900FE0C3E /* Frameworks */,
				918F190527F08D2900FE0C3E /* Resources */,
			);
			buildRules = (
			);
			dependencies = (
			);
			name = ParentifyWidgetExtension;
			packageProductDependencies = (
				918F191F27F1293000FE0C3E /* FirebaseAuth */,
				918F192127F1293000FE0C3E /* FirebaseDatabase */,
				918F192327F1293000FE0C3E /* FirebaseFirestore */,
				918F192527F1293000FE0C3E /* FirebaseFirestoreCombine-Community */,
				918F192727F1293000FE0C3E /* FirebaseFirestoreSwift-Beta */,
				918F192927F1293000FE0C3E /* FirebaseMessaging */,
				918F193127F12B4100FE0C3E /* FirebaseStorage */,
				918F193327F12B4100FE0C3E /* FirebaseStorageSwift-Beta */,
			);
			productName = ParentifyWidgetExtension;
			productReference = 918F190727F08D2900FE0C3E /* ParentifyWidgetExtension.appex */;
			productType = "com.apple.product-type.app-extension";
		};
/* End PBXNativeTarget section */

/* Begin PBXProject section */
		91413FAC27BA95A700799155 /* Project object */ = {
			isa = PBXProject;
			attributes = {
				BuildIndependentTargetsInParallel = 1;
				LastSwiftUpdateCheck = 1300;
				LastUpgradeCheck = 1300;
				TargetAttributes = {
					91413FB727BA95AA00799155 = {
						CreatedOnToolsVersion = 13.0;
					};
					918F190627F08D2900FE0C3E = {
						CreatedOnToolsVersion = 13.0;
					};
				};
			};
			buildConfigurationList = 91413FAF27BA95A700799155 /* Build configuration list for PBXProject "Parentify" */;
			compatibilityVersion = "Xcode 13.0";
			developmentRegion = en;
			hasScannedForEncodings = 0;
			knownRegions = (
				en,
				Base,
			);
			mainGroup = 91413FAB27BA95A700799155;
			packageReferences = (
				91F7EEED27BB36FC0008DDD6 /* XCRemoteSwiftPackageReference "firebase-ios-sdk" */,
				91FF767B27BE3934001B9CED /* XCRemoteSwiftPackageReference "BottomSheet" */,
				918EE07827D43E9400D38EA1 /* XCRemoteSwiftPackageReference "GoogleSignIn-iOS" */,
				91C4054B27DCB006007174A0 /* XCRemoteSwiftPackageReference "SwiftUI-Introspect" */,
			);
			productRefGroup = 91413FB927BA95AA00799155 /* Products */;
			projectDirPath = "";
			projectRoot = "";
			targets = (
				91413FB727BA95AA00799155 /* Parentify */,
				918F190627F08D2900FE0C3E /* ParentifyWidgetExtension */,
			);
		};
/* End PBXProject section */

/* Begin PBXResourcesBuildPhase section */
		91413FB627BA95AA00799155 /* Resources */ = {
			isa = PBXResourcesBuildPhase;
			buildActionMask = 2147483647;
			files = (
				91413FC527BA95AA00799155 /* Assets.xcassets in Resources */,
				9128776227DAC1570065A7B0 /* SymbolsSortedByDefault.txt in Resources */,
				91F7EEEB27BB340E0008DDD6 /* GoogleService-Info.plist in Resources */,
				91D2CAAE27FBD80B00E0F686 /* LaunchScreen.storyboard in Resources */,
				9128776327DAC1570065A7B0 /* SymbolsSortedByName.txt in Resources */,
			);
			runOnlyForDeploymentPostprocessing = 0;
		};
		918F190527F08D2900FE0C3E /* Resources */ = {
			isa = PBXResourcesBuildPhase;
			buildActionMask = 2147483647;
			files = (
				918F191127F08D2F00FE0C3E /* Assets.xcassets in Resources */,
				911B364B27F1553500D52715 /* GoogleService-Info.plist in Resources */,
			);
			runOnlyForDeploymentPostprocessing = 0;
		};
/* End PBXResourcesBuildPhase section */

/* Begin PBXSourcesBuildPhase section */
		91413FB427BA95AA00799155 /* Sources */ = {
			isa = PBXSourcesBuildPhase;
			buildActionMask = 2147483647;
			files = (
				91C4054827DC9303007174A0 /* ChatEntity.swift in Sources */,
				91B3295E27BCD8AC00FBFA00 /* MessagesCard.swift in Sources */,
				91B3294027BCD31400FBFA00 /* CommonTextField.swift in Sources */,
				91FF767427BDFA0A001B9CED /* BodyCodable.swift in Sources */,
				91938AA527E0A5CB0020F66A /* FirebaseReference.swift in Sources */,
				9128775D27DAC09E0065A7B0 /* SelectIconView.swift in Sources */,
				91FF767227BDF791001B9CED /* Constant.swift in Sources */,
				91B3294127BCD31400FBFA00 /* BlurView.swift in Sources */,
				91B3293E27BCD31300FBFA00 /* ButtonStyles.swift in Sources */,
				91B3299027BD35A000FBFA00 /* SignInView.swift in Sources */,
				91BD8C1F27CF1990006B8055 /* CustomDialogModifier.swift in Sources */,
				91B3296E27BCDF0600FBFA00 /* HomeRouter.swift in Sources */,
				9104EFC127C1C1260099A294 /* Notifications.swift in Sources */,
				91B3296A27BCDE4800FBFA00 /* AssignmentGroupView.swift in Sources */,
				91FF766F27BDF443001B9CED /* UserEntity.swift in Sources */,
				9104EFCB27C21D340099A294 /* MessageMapper.swift in Sources */,
				9170623327BF7274005C2983 /* ContentView.swift in Sources */,
				911B364E27F1563B00D52715 /* FirebaseManager+Membership.swift in Sources */,
				91B3294427BCD34800FBFA00 /* RoundedCornersModifier.swift in Sources */,
				9128775B27DAC0600065A7B0 /* SFSymbolSource.swift in Sources */,
				91B3297027BCDF4100FBFA00 /* AssignmentPresenter.swift in Sources */,
				91B3293F27BCD31400FBFA00 /* DateTextField.swift in Sources */,
				911B365427F1567600D52715 /* FirebaseManager+Chat.swift in Sources */,
				91B3295627BCD7A200FBFA00 /* HomeView.swift in Sources */,
				9132025127DD90DC009BE708 /* ChatChannelRow.swift in Sources */,
				91B3297227BCDF6F00FBFA00 /* ChatPresenter.swift in Sources */,
				91E8FDB827E6051700FC34C6 /* AddChatChannelView.swift in Sources */,
				91B3298427BCE61B00FBFA00 /* Chat.swift in Sources */,
				9181DFD927E403380028B5D8 /* ImageMembersCard.swift in Sources */,
				91413FC127BA95AA00799155 /* ParentifyApp.swift in Sources */,
				9128775F27DAC1050065A7B0 /* SFSymbol.swift in Sources */,
				9104EFC527C1F9BD0099A294 /* UIImage.swift in Sources */,
				918F191427F08D2F00FE0C3E /* ParentifyWidget.intentdefinition in Sources */,
				91E8FDBA27E6883000FC34C6 /* AttachUserView.swift in Sources */,
				91C4054627DC92EC007174A0 /* ChatChannelEntity.swift in Sources */,
				91413FF627BAA0C500799155 /* View.swift in Sources */,
				91B3296227BCDD8B00FBFA00 /* MembershipRouter.swift in Sources */,
				911B365127F1566300D52715 /* FirebaseManager+Assignment.swift in Sources */,
				9104EFC327C1EFE50099A294 /* Error.swift in Sources */,
				9128776527DAC18A0065A7B0 /* IconRow.swift in Sources */,
				91B3298027BCE2AE00FBFA00 /* AssignmentRow.swift in Sources */,
				918EE08027D57AEE00D38EA1 /* AssignmentEntity.swift in Sources */,
				91B3298E27BD30CB00FBFA00 /* MessagesRow.swift in Sources */,
				91B3296427BCDDE800FBFA00 /* ChatRouter.swift in Sources */,
				91B3295827BCD7C500FBFA00 /* ProfileView.swift in Sources */,
				91413FE327BA9AD600799155 /* ViewState.swift in Sources */,
				91B3297827BCDFB500FBFA00 /* AssignmentAssembler.swift in Sources */,
				9132024F27DD8E07009BE708 /* ChatChannelView.swift in Sources */,
				91C4054A27DC94F5007174A0 /* ChatMapper.swift in Sources */,
				911B365727F1583D00D52715 /* FirebaseError.swift in Sources */,
				91413FD227BA997300799155 /* AppAssembler.swift in Sources */,
				91413FE627BA9AFC00799155 /* CardShadowModifier.swift in Sources */,
				91B3297627BCDF9C00FBFA00 /* HomePresenter.swift in Sources */,
				91B3298827BD11DB00FBFA00 /* ChatRow.swift in Sources */,
				915E9FF227DECE2500104429 /* Query.swift in Sources */,
				91B3296627BCDDFE00FBFA00 /* ChatView.swift in Sources */,
				9170623527BF79D9005C2983 /* ActivityIndicator.swift in Sources */,
				91B3295A27BCD81B00FBFA00 /* Dropdown.swift in Sources */,
				91B3295C27BCD86000FBFA00 /* ImageCard.swift in Sources */,
				91B3297C27BCE02C00FBFA00 /* MembershipAssembler.swift in Sources */,
				91B3297427BCDF8200FBFA00 /* MembershipPresenter.swift in Sources */,
				9104EFC727C20BD20099A294 /* Message.swift in Sources */,
				91ABD46127EF3606003BF515 /* Binding.swift in Sources */,
				91FF768127BE4EE6001B9CED /* SelectRoleView.swift in Sources */,
				91413FF027BAA08C00799155 /* Date.swift in Sources */,
				912C5CDE27D6CA5500A5E882 /* AssignmentMapper.swift in Sources */,
				91413FF327BAA0AB00799155 /* String.swift in Sources */,
				918EE07E27D57A6B00D38EA1 /* ImagePicker.swift in Sources */,
				91B3296827BCDE3400FBFA00 /* AssignmentDetailView.swift in Sources */,
				91FF767F27BE3E43001B9CED /* BottomSheetModifier.swift in Sources */,
				918EE07727D43DFF00D38EA1 /* GoogleAuthManager.swift in Sources */,
				9181DFD727E35E130028B5D8 /* ChatAssignmentRow.swift in Sources */,
				91B3296027BCDA3300FBFA00 /* User.swift in Sources */,
				91B3297A27BCE00B00FBFA00 /* ChatAssembler.swift in Sources */,
				9170623727BF85E8005C2983 /* ProgressHUDModifier.swift in Sources */,
				91A5C0A327C117CD00D861DA /* MemojiView.swift in Sources */,
				9132025327DDDB2E009BE708 /* ReverseScrollView.swift in Sources */,
				91B3298627BCEC4A00FBFA00 /* Dummies.swift in Sources */,
				91B3297E27BCE04B00FBFA00 /* HomeAssembler.swift in Sources */,
				91413FED27BAA07A00799155 /* Color.swift in Sources */,
				91FF767627BE0223001B9CED /* UserMapper.swift in Sources */,
				91B3298A27BD29D900FBFA00 /* ChatInputField.swift in Sources */,
				91FF766D27BDF37B001B9CED /* FirebaseManager.swift in Sources */,
				91B3298C27BD309B00FBFA00 /* MessagesView.swift in Sources */,
				9104EFC927C21AFC0099A294 /* MessageEntity.swift in Sources */,
				91B3298227BCE37100FBFA00 /* Assignment.swift in Sources */,
				91B3294227BCD31400FBFA00 /* MemojiTextView.swift in Sources */,
				91B3296C27BCDED100FBFA00 /* AssignmentRouter.swift in Sources */,
			);
			runOnlyForDeploymentPostprocessing = 0;
		};
		918F190327F08D2900FE0C3E /* Sources */ = {
			isa = PBXSourcesBuildPhase;
			buildActionMask = 2147483647;
			files = (
				911B365A27F15DC800D52715 /* AssignmentMapper.swift in Sources */,
				918F192D27F12AD600FE0C3E /* MessageEntity.swift in Sources */,
				918F191327F08D2F00FE0C3E /* ParentifyWidget.intentdefinition in Sources */,
				911B365E27F15DD400D52715 /* User.swift in Sources */,
				918F193927F12E5300FE0C3E /* FirebaseReference.swift in Sources */,
				918F193827F12E3800FE0C3E /* BodyCodable.swift in Sources */,
				911B365827F1583D00D52715 /* FirebaseError.swift in Sources */,
				911B365527F1567600D52715 /* FirebaseManager+Chat.swift in Sources */,
				918F192C27F12AD300FE0C3E /* UserEntity.swift in Sources */,
				911B365227F1566300D52715 /* FirebaseManager+Assignment.swift in Sources */,
				911B365F27F15DD400D52715 /* Assignment.swift in Sources */,
				918F191E27F091C300FE0C3E /* Color.swift in Sources */,
				918F192F27F12ADB00FE0C3E /* ChatChannelEntity.swift in Sources */,
				911B366127F15EE700D52715 /* UIImage.swift in Sources */,
				918F192B27F12AB900FE0C3E /* FirebaseManager.swift in Sources */,
				918F193727F12DEC00FE0C3E /* String.swift in Sources */,
				911B365C27F15DC800D52715 /* ChatMapper.swift in Sources */,
				911B365B27F15DC800D52715 /* UserMapper.swift in Sources */,
				918F190E27F08D2A00FE0C3E /* ParentifyWidget.swift in Sources */,
				918F193A27F12E5700FE0C3E /* Query.swift in Sources */,
				918F191D27F091AF00FE0C3E /* CardShadowModifier.swift in Sources */,
				911B364F27F1563C00D52715 /* FirebaseManager+Membership.swift in Sources */,
				911B365927F15DC800D52715 /* MessageMapper.swift in Sources */,
				911B366027F15DD400D52715 /* Chat.swift in Sources */,
				918F193627F12DE700FE0C3E /* Date.swift in Sources */,
				911B365D27F15DD400D52715 /* Message.swift in Sources */,
				918F193027F12ADD00FE0C3E /* ChatEntity.swift in Sources */,
				918F192E27F12AD900FE0C3E /* AssignmentEntity.swift in Sources */,
			);
			runOnlyForDeploymentPostprocessing = 0;
		};
/* End PBXSourcesBuildPhase section */

/* Begin PBXTargetDependency section */
		918F191627F08D2F00FE0C3E /* PBXTargetDependency */ = {
			isa = PBXTargetDependency;
			target = 918F190627F08D2900FE0C3E /* ParentifyWidgetExtension */;
			targetProxy = 918F191527F08D2F00FE0C3E /* PBXContainerItemProxy */;
		};
/* End PBXTargetDependency section */

/* Begin XCBuildConfiguration section */
		91413FC727BA95AA00799155 /* Debug */ = {
			isa = XCBuildConfiguration;
			buildSettings = {
				ALWAYS_SEARCH_USER_PATHS = NO;
				CLANG_ANALYZER_NONNULL = YES;
				CLANG_ANALYZER_NUMBER_OBJECT_CONVERSION = YES_AGGRESSIVE;
				CLANG_CXX_LANGUAGE_STANDARD = "gnu++17";
				CLANG_CXX_LIBRARY = "libc++";
				CLANG_ENABLE_MODULES = YES;
				CLANG_ENABLE_OBJC_ARC = YES;
				CLANG_ENABLE_OBJC_WEAK = YES;
				CLANG_WARN_BLOCK_CAPTURE_AUTORELEASING = YES;
				CLANG_WARN_BOOL_CONVERSION = YES;
				CLANG_WARN_COMMA = YES;
				CLANG_WARN_CONSTANT_CONVERSION = YES;
				CLANG_WARN_DEPRECATED_OBJC_IMPLEMENTATIONS = YES;
				CLANG_WARN_DIRECT_OBJC_ISA_USAGE = YES_ERROR;
				CLANG_WARN_DOCUMENTATION_COMMENTS = YES;
				CLANG_WARN_EMPTY_BODY = YES;
				CLANG_WARN_ENUM_CONVERSION = YES;
				CLANG_WARN_INFINITE_RECURSION = YES;
				CLANG_WARN_INT_CONVERSION = YES;
				CLANG_WARN_NON_LITERAL_NULL_CONVERSION = YES;
				CLANG_WARN_OBJC_IMPLICIT_RETAIN_SELF = YES;
				CLANG_WARN_OBJC_LITERAL_CONVERSION = YES;
				CLANG_WARN_OBJC_ROOT_CLASS = YES_ERROR;
				CLANG_WARN_QUOTED_INCLUDE_IN_FRAMEWORK_HEADER = YES;
				CLANG_WARN_RANGE_LOOP_ANALYSIS = YES;
				CLANG_WARN_STRICT_PROTOTYPES = YES;
				CLANG_WARN_SUSPICIOUS_MOVE = YES;
				CLANG_WARN_UNGUARDED_AVAILABILITY = YES_AGGRESSIVE;
				CLANG_WARN_UNREACHABLE_CODE = YES;
				CLANG_WARN__DUPLICATE_METHOD_MATCH = YES;
				COPY_PHASE_STRIP = NO;
				DEBUG_INFORMATION_FORMAT = dwarf;
				ENABLE_STRICT_OBJC_MSGSEND = YES;
				ENABLE_TESTABILITY = YES;
				GCC_C_LANGUAGE_STANDARD = gnu11;
				GCC_DYNAMIC_NO_PIC = NO;
				GCC_NO_COMMON_BLOCKS = YES;
				GCC_OPTIMIZATION_LEVEL = 0;
				GCC_PREPROCESSOR_DEFINITIONS = (
					"DEBUG=1",
					"$(inherited)",
				);
				GCC_WARN_64_TO_32_BIT_CONVERSION = YES;
				GCC_WARN_ABOUT_RETURN_TYPE = YES_ERROR;
				GCC_WARN_UNDECLARED_SELECTOR = YES;
				GCC_WARN_UNINITIALIZED_AUTOS = YES_AGGRESSIVE;
				GCC_WARN_UNUSED_FUNCTION = YES;
				GCC_WARN_UNUSED_VARIABLE = YES;
				MTL_ENABLE_DEBUG_INFO = INCLUDE_SOURCE;
				MTL_FAST_MATH = YES;
				ONLY_ACTIVE_ARCH = YES;
				SWIFT_ACTIVE_COMPILATION_CONDITIONS = DEBUG;
				SWIFT_OPTIMIZATION_LEVEL = "-Onone";
			};
			name = Debug;
		};
		91413FC827BA95AA00799155 /* Release */ = {
			isa = XCBuildConfiguration;
			buildSettings = {
				ALWAYS_SEARCH_USER_PATHS = NO;
				CLANG_ANALYZER_NONNULL = YES;
				CLANG_ANALYZER_NUMBER_OBJECT_CONVERSION = YES_AGGRESSIVE;
				CLANG_CXX_LANGUAGE_STANDARD = "gnu++17";
				CLANG_CXX_LIBRARY = "libc++";
				CLANG_ENABLE_MODULES = YES;
				CLANG_ENABLE_OBJC_ARC = YES;
				CLANG_ENABLE_OBJC_WEAK = YES;
				CLANG_WARN_BLOCK_CAPTURE_AUTORELEASING = YES;
				CLANG_WARN_BOOL_CONVERSION = YES;
				CLANG_WARN_COMMA = YES;
				CLANG_WARN_CONSTANT_CONVERSION = YES;
				CLANG_WARN_DEPRECATED_OBJC_IMPLEMENTATIONS = YES;
				CLANG_WARN_DIRECT_OBJC_ISA_USAGE = YES_ERROR;
				CLANG_WARN_DOCUMENTATION_COMMENTS = YES;
				CLANG_WARN_EMPTY_BODY = YES;
				CLANG_WARN_ENUM_CONVERSION = YES;
				CLANG_WARN_INFINITE_RECURSION = YES;
				CLANG_WARN_INT_CONVERSION = YES;
				CLANG_WARN_NON_LITERAL_NULL_CONVERSION = YES;
				CLANG_WARN_OBJC_IMPLICIT_RETAIN_SELF = YES;
				CLANG_WARN_OBJC_LITERAL_CONVERSION = YES;
				CLANG_WARN_OBJC_ROOT_CLASS = YES_ERROR;
				CLANG_WARN_QUOTED_INCLUDE_IN_FRAMEWORK_HEADER = YES;
				CLANG_WARN_RANGE_LOOP_ANALYSIS = YES;
				CLANG_WARN_STRICT_PROTOTYPES = YES;
				CLANG_WARN_SUSPICIOUS_MOVE = YES;
				CLANG_WARN_UNGUARDED_AVAILABILITY = YES_AGGRESSIVE;
				CLANG_WARN_UNREACHABLE_CODE = YES;
				CLANG_WARN__DUPLICATE_METHOD_MATCH = YES;
				COPY_PHASE_STRIP = NO;
				DEBUG_INFORMATION_FORMAT = "dwarf-with-dsym";
				ENABLE_NS_ASSERTIONS = NO;
				ENABLE_STRICT_OBJC_MSGSEND = YES;
				GCC_C_LANGUAGE_STANDARD = gnu11;
				GCC_NO_COMMON_BLOCKS = YES;
				GCC_WARN_64_TO_32_BIT_CONVERSION = YES;
				GCC_WARN_ABOUT_RETURN_TYPE = YES_ERROR;
				GCC_WARN_UNDECLARED_SELECTOR = YES;
				GCC_WARN_UNINITIALIZED_AUTOS = YES_AGGRESSIVE;
				GCC_WARN_UNUSED_FUNCTION = YES;
				GCC_WARN_UNUSED_VARIABLE = YES;
				MTL_ENABLE_DEBUG_INFO = NO;
				MTL_FAST_MATH = YES;
				SWIFT_COMPILATION_MODE = wholemodule;
				SWIFT_OPTIMIZATION_LEVEL = "-O";
			};
			name = Release;
		};
		91413FCA27BA95AA00799155 /* Debug */ = {
			isa = XCBuildConfiguration;
			buildSettings = {
				ALWAYS_EMBED_SWIFT_STANDARD_LIBRARIES = YES;
				ASSETCATALOG_COMPILER_APPICON_NAME = AppIcon;
				ASSETCATALOG_COMPILER_GLOBAL_ACCENT_COLOR_NAME = AccentColor;
				CODE_SIGN_ENTITLEMENTS = "";
				CODE_SIGN_STYLE = Automatic;
				CURRENT_PROJECT_VERSION = 1;
				DEVELOPMENT_TEAM = SM8JGRFPQU;
				ENABLE_PREVIEWS = YES;
				GENERATE_INFOPLIST_FILE = YES;
				INFOPLIST_FILE = Parentify/Info.plist;
				INFOPLIST_KEY_UIApplicationSceneManifest_Generation = YES;
				INFOPLIST_KEY_UIApplicationSupportsIndirectInputEvents = YES;
				INFOPLIST_KEY_UILaunchScreen_Generation = YES;
				INFOPLIST_KEY_UILaunchStoryboardName = LaunchScreen;
				INFOPLIST_KEY_UISupportedInterfaceOrientations_iPad = "UIInterfaceOrientationPortrait UIInterfaceOrientationPortraitUpsideDown UIInterfaceOrientationLandscapeLeft UIInterfaceOrientationLandscapeRight";
				INFOPLIST_KEY_UISupportedInterfaceOrientations_iPhone = "UIInterfaceOrientationPortrait UIInterfaceOrientationLandscapeLeft UIInterfaceOrientationLandscapeRight";
				INFOPLIST_KEY_UIUserInterfaceStyle = Light;
				IPHONEOS_DEPLOYMENT_TARGET = 14.0;
				LD_RUNPATH_SEARCH_PATHS = (
					"$(inherited)",
					"@executable_path/Frameworks",
				);
				MARKETING_VERSION = 0.0.1;
				PRODUCT_BUNDLE_IDENTIFIER = com.uwaisalqadri.Parentify;
				PRODUCT_NAME = Parentify;
				SDKROOT = iphoneos;
				SUPPORTS_MACCATALYST = NO;
				SWIFT_EMIT_LOC_STRINGS = YES;
				SWIFT_VERSION = 5.0;
				TARGETED_DEVICE_FAMILY = "1,2";
			};
			name = Debug;
		};
		91413FCB27BA95AA00799155 /* Release */ = {
			isa = XCBuildConfiguration;
			buildSettings = {
				ALWAYS_EMBED_SWIFT_STANDARD_LIBRARIES = YES;
				ASSETCATALOG_COMPILER_APPICON_NAME = AppIcon;
				ASSETCATALOG_COMPILER_GLOBAL_ACCENT_COLOR_NAME = AccentColor;
				CODE_SIGN_ENTITLEMENTS = "";
				CODE_SIGN_STYLE = Automatic;
				CURRENT_PROJECT_VERSION = 1;
				DEVELOPMENT_TEAM = SM8JGRFPQU;
				ENABLE_PREVIEWS = YES;
				GENERATE_INFOPLIST_FILE = YES;
				INFOPLIST_FILE = Parentify/Info.plist;
				INFOPLIST_KEY_UIApplicationSceneManifest_Generation = YES;
				INFOPLIST_KEY_UIApplicationSupportsIndirectInputEvents = YES;
				INFOPLIST_KEY_UILaunchScreen_Generation = YES;
				INFOPLIST_KEY_UILaunchStoryboardName = LaunchScreen;
				INFOPLIST_KEY_UISupportedInterfaceOrientations_iPad = "UIInterfaceOrientationPortrait UIInterfaceOrientationPortraitUpsideDown UIInterfaceOrientationLandscapeLeft UIInterfaceOrientationLandscapeRight";
				INFOPLIST_KEY_UISupportedInterfaceOrientations_iPhone = "UIInterfaceOrientationPortrait UIInterfaceOrientationLandscapeLeft UIInterfaceOrientationLandscapeRight";
				INFOPLIST_KEY_UIUserInterfaceStyle = Light;
				IPHONEOS_DEPLOYMENT_TARGET = 14.0;
				LD_RUNPATH_SEARCH_PATHS = (
					"$(inherited)",
					"@executable_path/Frameworks",
				);
				MARKETING_VERSION = 0.0.1;
				PRODUCT_BUNDLE_IDENTIFIER = com.uwaisalqadri.Parentify;
				PRODUCT_NAME = Parentify;
				SDKROOT = iphoneos;
				SUPPORTS_MACCATALYST = NO;
				SWIFT_EMIT_LOC_STRINGS = YES;
				SWIFT_VERSION = 5.0;
				TARGETED_DEVICE_FAMILY = "1,2";
				VALIDATE_PRODUCT = YES;
			};
			name = Release;
		};
		918F191927F08D3000FE0C3E /* Debug */ = {
			isa = XCBuildConfiguration;
			buildSettings = {
				ASSETCATALOG_COMPILER_GLOBAL_ACCENT_COLOR_NAME = AccentColor;
				ASSETCATALOG_COMPILER_WIDGET_BACKGROUND_COLOR_NAME = WidgetBackground;
				CODE_SIGN_STYLE = Automatic;
				CURRENT_PROJECT_VERSION = 1;
				DEVELOPMENT_TEAM = SM8JGRFPQU;
				GENERATE_INFOPLIST_FILE = YES;
				INFOPLIST_FILE = ParentifyWidget/Info.plist;
				INFOPLIST_KEY_CFBundleDisplayName = ParentifyWidget;
				INFOPLIST_KEY_NSHumanReadableCopyright = "";
				IPHONEOS_DEPLOYMENT_TARGET = 15.0;
				LD_RUNPATH_SEARCH_PATHS = (
					"$(inherited)",
					"@executable_path/Frameworks",
					"@executable_path/../../Frameworks",
				);
				MARKETING_VERSION = 1.0;
				PRODUCT_BUNDLE_IDENTIFIER = com.uwaisalqadri.Parentify.ParentifyWidget;
				PRODUCT_NAME = "$(TARGET_NAME)";
				SDKROOT = iphoneos;
				SKIP_INSTALL = YES;
				SWIFT_EMIT_LOC_STRINGS = YES;
				SWIFT_VERSION = 5.0;
				TARGETED_DEVICE_FAMILY = "1,2";
			};
			name = Debug;
		};
		918F191A27F08D3000FE0C3E /* Release */ = {
			isa = XCBuildConfiguration;
			buildSettings = {
				ASSETCATALOG_COMPILER_GLOBAL_ACCENT_COLOR_NAME = AccentColor;
				ASSETCATALOG_COMPILER_WIDGET_BACKGROUND_COLOR_NAME = WidgetBackground;
				CODE_SIGN_STYLE = Automatic;
				CURRENT_PROJECT_VERSION = 1;
				DEVELOPMENT_TEAM = SM8JGRFPQU;
				GENERATE_INFOPLIST_FILE = YES;
				INFOPLIST_FILE = ParentifyWidget/Info.plist;
				INFOPLIST_KEY_CFBundleDisplayName = ParentifyWidget;
				INFOPLIST_KEY_NSHumanReadableCopyright = "";
				IPHONEOS_DEPLOYMENT_TARGET = 15.0;
				LD_RUNPATH_SEARCH_PATHS = (
					"$(inherited)",
					"@executable_path/Frameworks",
					"@executable_path/../../Frameworks",
				);
				MARKETING_VERSION = 1.0;
				PRODUCT_BUNDLE_IDENTIFIER = com.uwaisalqadri.Parentify.ParentifyWidget;
				PRODUCT_NAME = "$(TARGET_NAME)";
				SDKROOT = iphoneos;
				SKIP_INSTALL = YES;
				SWIFT_EMIT_LOC_STRINGS = YES;
				SWIFT_VERSION = 5.0;
				TARGETED_DEVICE_FAMILY = "1,2";
				VALIDATE_PRODUCT = YES;
			};
			name = Release;
		};
/* End XCBuildConfiguration section */

/* Begin XCConfigurationList section */
		91413FAF27BA95A700799155 /* Build configuration list for PBXProject "Parentify" */ = {
			isa = XCConfigurationList;
			buildConfigurations = (
				91413FC727BA95AA00799155 /* Debug */,
				91413FC827BA95AA00799155 /* Release */,
			);
			defaultConfigurationIsVisible = 0;
			defaultConfigurationName = Release;
		};
		91413FC927BA95AA00799155 /* Build configuration list for PBXNativeTarget "Parentify" */ = {
			isa = XCConfigurationList;
			buildConfigurations = (
				91413FCA27BA95AA00799155 /* Debug */,
				91413FCB27BA95AA00799155 /* Release */,
			);
			defaultConfigurationIsVisible = 0;
			defaultConfigurationName = Release;
		};
		918F191B27F08D3000FE0C3E /* Build configuration list for PBXNativeTarget "ParentifyWidgetExtension" */ = {
			isa = XCConfigurationList;
			buildConfigurations = (
				918F191927F08D3000FE0C3E /* Debug */,
				918F191A27F08D3000FE0C3E /* Release */,
			);
			defaultConfigurationIsVisible = 0;
			defaultConfigurationName = Release;
		};
/* End XCConfigurationList section */

/* Begin XCRemoteSwiftPackageReference section */
		918EE07827D43E9400D38EA1 /* XCRemoteSwiftPackageReference "GoogleSignIn-iOS" */ = {
			isa = XCRemoteSwiftPackageReference;
			repositoryURL = "https://github.com/google/GoogleSignIn-iOS";
			requirement = {
				kind = upToNextMajorVersion;
				minimumVersion = 6.0.0;
			};
		};
		91C4054B27DCB006007174A0 /* XCRemoteSwiftPackageReference "SwiftUI-Introspect" */ = {
			isa = XCRemoteSwiftPackageReference;
			repositoryURL = "https://github.com/siteline/SwiftUI-Introspect";
			requirement = {
				branch = master;
				kind = branch;
			};
		};
		91F7EEED27BB36FC0008DDD6 /* XCRemoteSwiftPackageReference "firebase-ios-sdk" */ = {
			isa = XCRemoteSwiftPackageReference;
			repositoryURL = "https://github.com/firebase/firebase-ios-sdk";
			requirement = {
				kind = upToNextMajorVersion;
				minimumVersion = 8.0.0;
			};
		};
		91FF767B27BE3934001B9CED /* XCRemoteSwiftPackageReference "BottomSheet" */ = {
			isa = XCRemoteSwiftPackageReference;
			repositoryURL = "https://github.com/adamfootdev/BottomSheet";
			requirement = {
				branch = main;
				kind = branch;
			};
		};
/* End XCRemoteSwiftPackageReference section */

/* Begin XCSwiftPackageProductDependency section */
		918EE07927D43E9400D38EA1 /* GoogleSignIn */ = {
			isa = XCSwiftPackageProductDependency;
			package = 918EE07827D43E9400D38EA1 /* XCRemoteSwiftPackageReference "GoogleSignIn-iOS" */;
			productName = GoogleSignIn;
		};
		918F191F27F1293000FE0C3E /* FirebaseAuth */ = {
			isa = XCSwiftPackageProductDependency;
			package = 91F7EEED27BB36FC0008DDD6 /* XCRemoteSwiftPackageReference "firebase-ios-sdk" */;
			productName = FirebaseAuth;
		};
		918F192127F1293000FE0C3E /* FirebaseDatabase */ = {
			isa = XCSwiftPackageProductDependency;
			package = 91F7EEED27BB36FC0008DDD6 /* XCRemoteSwiftPackageReference "firebase-ios-sdk" */;
			productName = FirebaseDatabase;
		};
		918F192327F1293000FE0C3E /* FirebaseFirestore */ = {
			isa = XCSwiftPackageProductDependency;
			package = 91F7EEED27BB36FC0008DDD6 /* XCRemoteSwiftPackageReference "firebase-ios-sdk" */;
			productName = FirebaseFirestore;
		};
		918F192527F1293000FE0C3E /* FirebaseFirestoreCombine-Community */ = {
			isa = XCSwiftPackageProductDependency;
			package = 91F7EEED27BB36FC0008DDD6 /* XCRemoteSwiftPackageReference "firebase-ios-sdk" */;
			productName = "FirebaseFirestoreCombine-Community";
		};
		918F192727F1293000FE0C3E /* FirebaseFirestoreSwift-Beta */ = {
			isa = XCSwiftPackageProductDependency;
			package = 91F7EEED27BB36FC0008DDD6 /* XCRemoteSwiftPackageReference "firebase-ios-sdk" */;
			productName = "FirebaseFirestoreSwift-Beta";
		};
		918F192927F1293000FE0C3E /* FirebaseMessaging */ = {
			isa = XCSwiftPackageProductDependency;
			package = 91F7EEED27BB36FC0008DDD6 /* XCRemoteSwiftPackageReference "firebase-ios-sdk" */;
			productName = FirebaseMessaging;
		};
		918F193127F12B4100FE0C3E /* FirebaseStorage */ = {
			isa = XCSwiftPackageProductDependency;
			package = 91F7EEED27BB36FC0008DDD6 /* XCRemoteSwiftPackageReference "firebase-ios-sdk" */;
			productName = FirebaseStorage;
		};
		918F193327F12B4100FE0C3E /* FirebaseStorageSwift-Beta */ = {
			isa = XCSwiftPackageProductDependency;
			package = 91F7EEED27BB36FC0008DDD6 /* XCRemoteSwiftPackageReference "firebase-ios-sdk" */;
			productName = "FirebaseStorageSwift-Beta";
		};
		91C4054C27DCB006007174A0 /* Introspect */ = {
			isa = XCSwiftPackageProductDependency;
			package = 91C4054B27DCB006007174A0 /* XCRemoteSwiftPackageReference "SwiftUI-Introspect" */;
			productName = Introspect;
		};
		91F7EEEE27BB36FC0008DDD6 /* FirebaseAppCheck */ = {
			isa = XCSwiftPackageProductDependency;
			package = 91F7EEED27BB36FC0008DDD6 /* XCRemoteSwiftPackageReference "firebase-ios-sdk" */;
			productName = FirebaseAppCheck;
		};
		91F7EEF027BB36FC0008DDD6 /* FirebaseAppDistribution-Beta */ = {
			isa = XCSwiftPackageProductDependency;
			package = 91F7EEED27BB36FC0008DDD6 /* XCRemoteSwiftPackageReference "firebase-ios-sdk" */;
			productName = "FirebaseAppDistribution-Beta";
		};
		91F7EEF227BB36FC0008DDD6 /* FirebaseAuth */ = {
			isa = XCSwiftPackageProductDependency;
			package = 91F7EEED27BB36FC0008DDD6 /* XCRemoteSwiftPackageReference "firebase-ios-sdk" */;
			productName = FirebaseAuth;
		};
		91F7EEF427BB36FC0008DDD6 /* FirebaseDatabase */ = {
			isa = XCSwiftPackageProductDependency;
			package = 91F7EEED27BB36FC0008DDD6 /* XCRemoteSwiftPackageReference "firebase-ios-sdk" */;
			productName = FirebaseDatabase;
		};
		91F7EEF627BB36FC0008DDD6 /* FirebaseDatabaseSwift-Beta */ = {
			isa = XCSwiftPackageProductDependency;
			package = 91F7EEED27BB36FC0008DDD6 /* XCRemoteSwiftPackageReference "firebase-ios-sdk" */;
			productName = "FirebaseDatabaseSwift-Beta";
		};
		91F7EEF827BB36FC0008DDD6 /* FirebaseDynamicLinks */ = {
			isa = XCSwiftPackageProductDependency;
			package = 91F7EEED27BB36FC0008DDD6 /* XCRemoteSwiftPackageReference "firebase-ios-sdk" */;
			productName = FirebaseDynamicLinks;
		};
		91F7EEFA27BB36FC0008DDD6 /* FirebaseFirestore */ = {
			isa = XCSwiftPackageProductDependency;
			package = 91F7EEED27BB36FC0008DDD6 /* XCRemoteSwiftPackageReference "firebase-ios-sdk" */;
			productName = FirebaseFirestore;
		};
		91F7EEFC27BB36FC0008DDD6 /* FirebaseFirestoreCombine-Community */ = {
			isa = XCSwiftPackageProductDependency;
			package = 91F7EEED27BB36FC0008DDD6 /* XCRemoteSwiftPackageReference "firebase-ios-sdk" */;
			productName = "FirebaseFirestoreCombine-Community";
		};
		91F7EEFE27BB36FC0008DDD6 /* FirebaseFirestoreSwift-Beta */ = {
			isa = XCSwiftPackageProductDependency;
			package = 91F7EEED27BB36FC0008DDD6 /* XCRemoteSwiftPackageReference "firebase-ios-sdk" */;
			productName = "FirebaseFirestoreSwift-Beta";
		};
		91F7EF0027BB36FC0008DDD6 /* FirebaseMessaging */ = {
			isa = XCSwiftPackageProductDependency;
			package = 91F7EEED27BB36FC0008DDD6 /* XCRemoteSwiftPackageReference "firebase-ios-sdk" */;
			productName = FirebaseMessaging;
		};
		91F7EF0227BB36FC0008DDD6 /* FirebaseStorage */ = {
			isa = XCSwiftPackageProductDependency;
			package = 91F7EEED27BB36FC0008DDD6 /* XCRemoteSwiftPackageReference "firebase-ios-sdk" */;
			productName = FirebaseStorage;
		};
		91F7EF0427BB36FC0008DDD6 /* FirebaseStorageCombine-Community */ = {
			isa = XCSwiftPackageProductDependency;
			package = 91F7EEED27BB36FC0008DDD6 /* XCRemoteSwiftPackageReference "firebase-ios-sdk" */;
			productName = "FirebaseStorageCombine-Community";
		};
		91F7EF0627BB36FC0008DDD6 /* FirebaseStorageSwift-Beta */ = {
			isa = XCSwiftPackageProductDependency;
			package = 91F7EEED27BB36FC0008DDD6 /* XCRemoteSwiftPackageReference "firebase-ios-sdk" */;
			productName = "FirebaseStorageSwift-Beta";
		};
		91FF767C27BE3935001B9CED /* BottomSheet */ = {
			isa = XCSwiftPackageProductDependency;
			package = 91FF767B27BE3934001B9CED /* XCRemoteSwiftPackageReference "BottomSheet" */;
			productName = BottomSheet;
		};
/* End XCSwiftPackageProductDependency section */
	};
	rootObject = 91413FAC27BA95A700799155 /* Project object */;
}
