// !$*UTF8*$!
{
	archiveVersion = 1;
	classes = {
	};
	objectVersion = 55;
	objects = {

/* Begin PBXBuildFile section */
		91413FC127BA95AA00799155 /* ParentifyApp.swift in Sources */ = {isa = PBXBuildFile; fileRef = 91413FB127BA95A700799155 /* ParentifyApp.swift */; };
		91413FC227BA95AA00799155 /* ParentifyApp.swift in Sources */ = {isa = PBXBuildFile; fileRef = 91413FB127BA95A700799155 /* ParentifyApp.swift */; };
		91413FC327BA95AA00799155 /* ContentView.swift in Sources */ = {isa = PBXBuildFile; fileRef = 91413FB227BA95A700799155 /* ContentView.swift */; };
		91413FC427BA95AA00799155 /* ContentView.swift in Sources */ = {isa = PBXBuildFile; fileRef = 91413FB227BA95A700799155 /* ContentView.swift */; };
		91413FC527BA95AA00799155 /* Assets.xcassets in Resources */ = {isa = PBXBuildFile; fileRef = 91413FB327BA95AA00799155 /* Assets.xcassets */; };
		91413FC627BA95AA00799155 /* Assets.xcassets in Resources */ = {isa = PBXBuildFile; fileRef = 91413FB327BA95AA00799155 /* Assets.xcassets */; };
		91413FD227BA997300799155 /* AppAssembler.swift in Sources */ = {isa = PBXBuildFile; fileRef = 91413FD127BA997300799155 /* AppAssembler.swift */; };
		91413FE327BA9AD600799155 /* ViewState.swift in Sources */ = {isa = PBXBuildFile; fileRef = 91413FE227BA9AD600799155 /* ViewState.swift */; };
		91413FE427BA9AD600799155 /* ViewState.swift in Sources */ = {isa = PBXBuildFile; fileRef = 91413FE227BA9AD600799155 /* ViewState.swift */; };
		91413FE627BA9AFC00799155 /* CardShadowModifier.swift in Sources */ = {isa = PBXBuildFile; fileRef = 91413FE527BA9AFC00799155 /* CardShadowModifier.swift */; };
		91413FE727BA9AFC00799155 /* CardShadowModifier.swift in Sources */ = {isa = PBXBuildFile; fileRef = 91413FE527BA9AFC00799155 /* CardShadowModifier.swift */; };
		91413FED27BAA07A00799155 /* Color+Ext.swift in Sources */ = {isa = PBXBuildFile; fileRef = 91413FEC27BAA07A00799155 /* Color+Ext.swift */; };
		91413FEE27BAA07A00799155 /* Color+Ext.swift in Sources */ = {isa = PBXBuildFile; fileRef = 91413FEC27BAA07A00799155 /* Color+Ext.swift */; };
		91413FF027BAA08C00799155 /* Date+Ext.swift in Sources */ = {isa = PBXBuildFile; fileRef = 91413FEF27BAA08C00799155 /* Date+Ext.swift */; };
		91413FF127BAA08C00799155 /* Date+Ext.swift in Sources */ = {isa = PBXBuildFile; fileRef = 91413FEF27BAA08C00799155 /* Date+Ext.swift */; };
		91413FF327BAA0AB00799155 /* String+Ext.swift in Sources */ = {isa = PBXBuildFile; fileRef = 91413FF227BAA0AB00799155 /* String+Ext.swift */; };
		91413FF427BAA0AB00799155 /* String+Ext.swift in Sources */ = {isa = PBXBuildFile; fileRef = 91413FF227BAA0AB00799155 /* String+Ext.swift */; };
		91413FF627BAA0C500799155 /* View+Ext.swift in Sources */ = {isa = PBXBuildFile; fileRef = 91413FF527BAA0C500799155 /* View+Ext.swift */; };
		91413FF727BAA0C500799155 /* View+Ext.swift in Sources */ = {isa = PBXBuildFile; fileRef = 91413FF527BAA0C500799155 /* View+Ext.swift */; };
		91413FF927BAA12000799155 /* DefaultError.swift in Sources */ = {isa = PBXBuildFile; fileRef = 91413FF827BAA12000799155 /* DefaultError.swift */; };
		91413FFA27BAA12000799155 /* DefaultError.swift in Sources */ = {isa = PBXBuildFile; fileRef = 91413FF827BAA12000799155 /* DefaultError.swift */; };
/* End PBXBuildFile section */

/* Begin PBXFileReference section */
		91413FB127BA95A700799155 /* ParentifyApp.swift */ = {isa = PBXFileReference; lastKnownFileType = sourcecode.swift; path = ParentifyApp.swift; sourceTree = "<group>"; };
		91413FB227BA95A700799155 /* ContentView.swift */ = {isa = PBXFileReference; lastKnownFileType = sourcecode.swift; path = ContentView.swift; sourceTree = "<group>"; };
		91413FB327BA95AA00799155 /* Assets.xcassets */ = {isa = PBXFileReference; lastKnownFileType = folder.assetcatalog; path = Assets.xcassets; sourceTree = "<group>"; };
		91413FB827BA95AA00799155 /* Parentify.app */ = {isa = PBXFileReference; explicitFileType = wrapper.application; includeInIndex = 0; path = Parentify.app; sourceTree = BUILT_PRODUCTS_DIR; };
		91413FBE27BA95AA00799155 /* Parentify.app */ = {isa = PBXFileReference; explicitFileType = wrapper.application; includeInIndex = 0; path = Parentify.app; sourceTree = BUILT_PRODUCTS_DIR; };
		91413FC027BA95AA00799155 /* macOS.entitlements */ = {isa = PBXFileReference; lastKnownFileType = text.plist.entitlements; path = macOS.entitlements; sourceTree = "<group>"; };
		91413FD127BA997300799155 /* AppAssembler.swift */ = {isa = PBXFileReference; lastKnownFileType = sourcecode.swift; path = AppAssembler.swift; sourceTree = "<group>"; };
		91413FE227BA9AD600799155 /* ViewState.swift */ = {isa = PBXFileReference; lastKnownFileType = sourcecode.swift; path = ViewState.swift; sourceTree = "<group>"; };
		91413FE527BA9AFC00799155 /* CardShadowModifier.swift */ = {isa = PBXFileReference; lastKnownFileType = sourcecode.swift; path = CardShadowModifier.swift; sourceTree = "<group>"; };
		91413FEC27BAA07A00799155 /* Color+Ext.swift */ = {isa = PBXFileReference; lastKnownFileType = sourcecode.swift; path = "Color+Ext.swift"; sourceTree = "<group>"; };
		91413FEF27BAA08C00799155 /* Date+Ext.swift */ = {isa = PBXFileReference; lastKnownFileType = sourcecode.swift; path = "Date+Ext.swift"; sourceTree = "<group>"; };
		91413FF227BAA0AB00799155 /* String+Ext.swift */ = {isa = PBXFileReference; lastKnownFileType = sourcecode.swift; path = "String+Ext.swift"; sourceTree = "<group>"; };
		91413FF527BAA0C500799155 /* View+Ext.swift */ = {isa = PBXFileReference; lastKnownFileType = sourcecode.swift; path = "View+Ext.swift"; sourceTree = "<group>"; };
		91413FF827BAA12000799155 /* DefaultError.swift */ = {isa = PBXFileReference; lastKnownFileType = sourcecode.swift; path = DefaultError.swift; sourceTree = "<group>"; };
/* End PBXFileReference section */

/* Begin PBXFrameworksBuildPhase section */
		91413FB527BA95AA00799155 /* Frameworks */ = {
			isa = PBXFrameworksBuildPhase;
			buildActionMask = 2147483647;
			files = (
			);
			runOnlyForDeploymentPostprocessing = 0;
		};
		91413FBB27BA95AA00799155 /* Frameworks */ = {
			isa = PBXFrameworksBuildPhase;
			buildActionMask = 2147483647;
			files = (
			);
			runOnlyForDeploymentPostprocessing = 0;
		};
/* End PBXFrameworksBuildPhase section */

/* Begin PBXGroup section */
		91413FAB27BA95A700799155 = {
			isa = PBXGroup;
			children = (
				91413FB027BA95A700799155 /* Parentify */,
				91413FBF27BA95AA00799155 /* macOS */,
				91413FB927BA95AA00799155 /* Products */,
			);
			sourceTree = "<group>";
		};
		91413FB027BA95A700799155 /* Parentify */ = {
			isa = PBXGroup;
			children = (
				91413FCF27BA993B00799155 /* Dependency */,
				91413FD327BA998100799155 /* App */,
				91413FD427BA998800799155 /* Data */,
				91413FB227BA95A700799155 /* ContentView.swift */,
				91413FB327BA95AA00799155 /* Assets.xcassets */,
			);
			path = Parentify;
			sourceTree = "<group>";
		};
		91413FB927BA95AA00799155 /* Products */ = {
			isa = PBXGroup;
			children = (
				91413FB827BA95AA00799155 /* Parentify.app */,
				91413FBE27BA95AA00799155 /* Parentify.app */,
			);
			name = Products;
			sourceTree = "<group>";
		};
		91413FBF27BA95AA00799155 /* macOS */ = {
			isa = PBXGroup;
			children = (
				91413FC027BA95AA00799155 /* macOS.entitlements */,
			);
			path = macOS;
			sourceTree = "<group>";
		};
		91413FCF27BA993B00799155 /* Dependency */ = {
			isa = PBXGroup;
			children = (
				91413FD027BA994D00799155 /* Features */,
				91413FD127BA997300799155 /* AppAssembler.swift */,
			);
			path = Dependency;
			sourceTree = "<group>";
		};
		91413FD027BA994D00799155 /* Features */ = {
			isa = PBXGroup;
			children = (
			);
			path = Features;
			sourceTree = "<group>";
		};
		91413FD327BA998100799155 /* App */ = {
			isa = PBXGroup;
			children = (
				91413FD527BA999B00799155 /* Features */,
				91413FD627BA99A400799155 /* Main */,
				91413FD727BA99AE00799155 /* Resources */,
				91413FD827BA99BA00799155 /* Utils */,
			);
			path = App;
			sourceTree = "<group>";
		};
		91413FD427BA998800799155 /* Data */ = {
			isa = PBXGroup;
			children = (
				91413FD927BA9A0000799155 /* Mapper */,
				91413FDA27BA9A0600799155 /* Model */,
				91413FDB27BA9A1100799155 /* Source */,
				91413FDC27BA9A1800799155 /* Entity */,
				91413FF827BAA12000799155 /* DefaultError.swift */,
			);
			path = Data;
			sourceTree = "<group>";
		};
		91413FD527BA999B00799155 /* Features */ = {
			isa = PBXGroup;
			children = (
			);
			path = Features;
			sourceTree = "<group>";
		};
		91413FD627BA99A400799155 /* Main */ = {
			isa = PBXGroup;
			children = (
				91413FB127BA95A700799155 /* ParentifyApp.swift */,
			);
			path = Main;
			sourceTree = "<group>";
		};
		91413FD727BA99AE00799155 /* Resources */ = {
			isa = PBXGroup;
			children = (
			);
			path = Resources;
			sourceTree = "<group>";
		};
		91413FD827BA99BA00799155 /* Utils */ = {
			isa = PBXGroup;
			children = (
				91413FDD27BA9A8A00799155 /* CustomViews */,
				91413FDE27BA9A9600799155 /* Extensions */,
				91413FDF27BA9AA000799155 /* Modifiers */,
				91413FE227BA9AD600799155 /* ViewState.swift */,
			);
			path = Utils;
			sourceTree = "<group>";
		};
		91413FD927BA9A0000799155 /* Mapper */ = {
			isa = PBXGroup;
			children = (
			);
			path = Mapper;
			sourceTree = "<group>";
		};
		91413FDA27BA9A0600799155 /* Model */ = {
			isa = PBXGroup;
			children = (
			);
			path = Model;
			sourceTree = "<group>";
		};
		91413FDB27BA9A1100799155 /* Source */ = {
			isa = PBXGroup;
			children = (
			);
			path = Source;
			sourceTree = "<group>";
		};
		91413FDC27BA9A1800799155 /* Entity */ = {
			isa = PBXGroup;
			children = (
			);
			path = Entity;
			sourceTree = "<group>";
		};
		91413FDD27BA9A8A00799155 /* CustomViews */ = {
			isa = PBXGroup;
			children = (
			);
			path = CustomViews;
			sourceTree = "<group>";
		};
		91413FDE27BA9A9600799155 /* Extensions */ = {
			isa = PBXGroup;
			children = (
				91413FEC27BAA07A00799155 /* Color+Ext.swift */,
				91413FEF27BAA08C00799155 /* Date+Ext.swift */,
				91413FF227BAA0AB00799155 /* String+Ext.swift */,
				91413FF527BAA0C500799155 /* View+Ext.swift */,
			);
			path = Extensions;
			sourceTree = "<group>";
		};
		91413FDF27BA9AA000799155 /* Modifiers */ = {
			isa = PBXGroup;
			children = (
				91413FE527BA9AFC00799155 /* CardShadowModifier.swift */,
			);
			path = Modifiers;
			sourceTree = "<group>";
		};
/* End PBXGroup section */

/* Begin PBXNativeTarget section */
		91413FB727BA95AA00799155 /* Parentify (iOS) */ = {
			isa = PBXNativeTarget;
			buildConfigurationList = 91413FC927BA95AA00799155 /* Build configuration list for PBXNativeTarget "Parentify (iOS)" */;
			buildPhases = (
				91413FB427BA95AA00799155 /* Sources */,
				91413FB527BA95AA00799155 /* Frameworks */,
				91413FB627BA95AA00799155 /* Resources */,
			);
			buildRules = (
			);
			dependencies = (
			);
			name = "Parentify (iOS)";
			productName = "Parentify (iOS)";
			productReference = 91413FB827BA95AA00799155 /* Parentify.app */;
			productType = "com.apple.product-type.application";
		};
		91413FBD27BA95AA00799155 /* Parentify (macOS) */ = {
			isa = PBXNativeTarget;
			buildConfigurationList = 91413FCC27BA95AA00799155 /* Build configuration list for PBXNativeTarget "Parentify (macOS)" */;
			buildPhases = (
				91413FBA27BA95AA00799155 /* Sources */,
				91413FBB27BA95AA00799155 /* Frameworks */,
				91413FBC27BA95AA00799155 /* Resources */,
			);
			buildRules = (
			);
			dependencies = (
			);
			name = "Parentify (macOS)";
			productName = "Parentify (macOS)";
			productReference = 91413FBE27BA95AA00799155 /* Parentify.app */;
			productType = "com.apple.product-type.application";
		};
/* End PBXNativeTarget section */

/* Begin PBXProject section */
		91413FAC27BA95A700799155 /* Project object */ = {
			isa = PBXProject;
			attributes = {
				BuildIndependentTargetsInParallel = 1;
				LastSwiftUpdateCheck = 1300;
				LastUpgradeCheck = 1300;
				TargetAttributes = {
					91413FB727BA95AA00799155 = {
						CreatedOnToolsVersion = 13.0;
					};
					91413FBD27BA95AA00799155 = {
						CreatedOnToolsVersion = 13.0;
					};
				};
			};
			buildConfigurationList = 91413FAF27BA95A700799155 /* Build configuration list for PBXProject "Parentify" */;
			compatibilityVersion = "Xcode 13.0";
			developmentRegion = en;
			hasScannedForEncodings = 0;
			knownRegions = (
				en,
				Base,
			);
			mainGroup = 91413FAB27BA95A700799155;
			productRefGroup = 91413FB927BA95AA00799155 /* Products */;
			projectDirPath = "";
			projectRoot = "";
			targets = (
				91413FB727BA95AA00799155 /* Parentify (iOS) */,
				91413FBD27BA95AA00799155 /* Parentify (macOS) */,
			);
		};
/* End PBXProject section */

/* Begin PBXResourcesBuildPhase section */
		91413FB627BA95AA00799155 /* Resources */ = {
			isa = PBXResourcesBuildPhase;
			buildActionMask = 2147483647;
			files = (
				91413FC527BA95AA00799155 /* Assets.xcassets in Resources */,
			);
			runOnlyForDeploymentPostprocessing = 0;
		};
		91413FBC27BA95AA00799155 /* Resources */ = {
			isa = PBXResourcesBuildPhase;
			buildActionMask = 2147483647;
			files = (
				91413FC627BA95AA00799155 /* Assets.xcassets in Resources */,
			);
			runOnlyForDeploymentPostprocessing = 0;
		};
/* End PBXResourcesBuildPhase section */

/* Begin PBXSourcesBuildPhase section */
		91413FB427BA95AA00799155 /* Sources */ = {
			isa = PBXSourcesBuildPhase;
			buildActionMask = 2147483647;
			files = (
				91413FF927BAA12000799155 /* DefaultError.swift in Sources */,
				91413FC327BA95AA00799155 /* ContentView.swift in Sources */,
				91413FC127BA95AA00799155 /* ParentifyApp.swift in Sources */,
				91413FF627BAA0C500799155 /* View+Ext.swift in Sources */,
				91413FE327BA9AD600799155 /* ViewState.swift in Sources */,
				91413FD227BA997300799155 /* AppAssembler.swift in Sources */,
				91413FE627BA9AFC00799155 /* CardShadowModifier.swift in Sources */,
				91413FF027BAA08C00799155 /* Date+Ext.swift in Sources */,
				91413FF327BAA0AB00799155 /* String+Ext.swift in Sources */,
				91413FED27BAA07A00799155 /* Color+Ext.swift in Sources */,
			);
			runOnlyForDeploymentPostprocessing = 0;
		};
		91413FBA27BA95AA00799155 /* Sources */ = {
			isa = PBXSourcesBuildPhase;
			buildActionMask = 2147483647;
			files = (
				91413FF727BAA0C500799155 /* View+Ext.swift in Sources */,
				91413FC427BA95AA00799155 /* ContentView.swift in Sources */,
				91413FF427BAA0AB00799155 /* String+Ext.swift in Sources */,
				91413FC227BA95AA00799155 /* ParentifyApp.swift in Sources */,
				91413FFA27BAA12000799155 /* DefaultError.swift in Sources */,
				91413FE727BA9AFC00799155 /* CardShadowModifier.swift in Sources */,
				91413FF127BAA08C00799155 /* Date+Ext.swift in Sources */,
				91413FE427BA9AD600799155 /* ViewState.swift in Sources */,
				91413FEE27BAA07A00799155 /* Color+Ext.swift in Sources */,
			);
			runOnlyForDeploymentPostprocessing = 0;
		};
/* End PBXSourcesBuildPhase section */

/* Begin XCBuildConfiguration section */
		91413FC727BA95AA00799155 /* Debug */ = {
			isa = XCBuildConfiguration;
			buildSettings = {
				ALWAYS_SEARCH_USER_PATHS = NO;
				CLANG_ANALYZER_NONNULL = YES;
				CLANG_ANALYZER_NUMBER_OBJECT_CONVERSION = YES_AGGRESSIVE;
				CLANG_CXX_LANGUAGE_STANDARD = "gnu++17";
				CLANG_CXX_LIBRARY = "libc++";
				CLANG_ENABLE_MODULES = YES;
				CLANG_ENABLE_OBJC_ARC = YES;
				CLANG_ENABLE_OBJC_WEAK = YES;
				CLANG_WARN_BLOCK_CAPTURE_AUTORELEASING = YES;
				CLANG_WARN_BOOL_CONVERSION = YES;
				CLANG_WARN_COMMA = YES;
				CLANG_WARN_CONSTANT_CONVERSION = YES;
				CLANG_WARN_DEPRECATED_OBJC_IMPLEMENTATIONS = YES;
				CLANG_WARN_DIRECT_OBJC_ISA_USAGE = YES_ERROR;
				CLANG_WARN_DOCUMENTATION_COMMENTS = YES;
				CLANG_WARN_EMPTY_BODY = YES;
				CLANG_WARN_ENUM_CONVERSION = YES;
				CLANG_WARN_INFINITE_RECURSION = YES;
				CLANG_WARN_INT_CONVERSION = YES;
				CLANG_WARN_NON_LITERAL_NULL_CONVERSION = YES;
				CLANG_WARN_OBJC_IMPLICIT_RETAIN_SELF = YES;
				CLANG_WARN_OBJC_LITERAL_CONVERSION = YES;
				CLANG_WARN_OBJC_ROOT_CLASS = YES_ERROR;
				CLANG_WARN_QUOTED_INCLUDE_IN_FRAMEWORK_HEADER = YES;
				CLANG_WARN_RANGE_LOOP_ANALYSIS = YES;
				CLANG_WARN_STRICT_PROTOTYPES = YES;
				CLANG_WARN_SUSPICIOUS_MOVE = YES;
				CLANG_WARN_UNGUARDED_AVAILABILITY = YES_AGGRESSIVE;
				CLANG_WARN_UNREACHABLE_CODE = YES;
				CLANG_WARN__DUPLICATE_METHOD_MATCH = YES;
				COPY_PHASE_STRIP = NO;
				DEBUG_INFORMATION_FORMAT = dwarf;
				ENABLE_STRICT_OBJC_MSGSEND = YES;
				ENABLE_TESTABILITY = YES;
				GCC_C_LANGUAGE_STANDARD = gnu11;
				GCC_DYNAMIC_NO_PIC = NO;
				GCC_NO_COMMON_BLOCKS = YES;
				GCC_OPTIMIZATION_LEVEL = 0;
				GCC_PREPROCESSOR_DEFINITIONS = (
					"DEBUG=1",
					"$(inherited)",
				);
				GCC_WARN_64_TO_32_BIT_CONVERSION = YES;
				GCC_WARN_ABOUT_RETURN_TYPE = YES_ERROR;
				GCC_WARN_UNDECLARED_SELECTOR = YES;
				GCC_WARN_UNINITIALIZED_AUTOS = YES_AGGRESSIVE;
				GCC_WARN_UNUSED_FUNCTION = YES;
				GCC_WARN_UNUSED_VARIABLE = YES;
				MTL_ENABLE_DEBUG_INFO = INCLUDE_SOURCE;
				MTL_FAST_MATH = YES;
				ONLY_ACTIVE_ARCH = YES;
				SWIFT_ACTIVE_COMPILATION_CONDITIONS = DEBUG;
				SWIFT_OPTIMIZATION_LEVEL = "-Onone";
			};
			name = Debug;
		};
		91413FC827BA95AA00799155 /* Release */ = {
			isa = XCBuildConfiguration;
			buildSettings = {
				ALWAYS_SEARCH_USER_PATHS = NO;
				CLANG_ANALYZER_NONNULL = YES;
				CLANG_ANALYZER_NUMBER_OBJECT_CONVERSION = YES_AGGRESSIVE;
				CLANG_CXX_LANGUAGE_STANDARD = "gnu++17";
				CLANG_CXX_LIBRARY = "libc++";
				CLANG_ENABLE_MODULES = YES;
				CLANG_ENABLE_OBJC_ARC = YES;
				CLANG_ENABLE_OBJC_WEAK = YES;
				CLANG_WARN_BLOCK_CAPTURE_AUTORELEASING = YES;
				CLANG_WARN_BOOL_CONVERSION = YES;
				CLANG_WARN_COMMA = YES;
				CLANG_WARN_CONSTANT_CONVERSION = YES;
				CLANG_WARN_DEPRECATED_OBJC_IMPLEMENTATIONS = YES;
				CLANG_WARN_DIRECT_OBJC_ISA_USAGE = YES_ERROR;
				CLANG_WARN_DOCUMENTATION_COMMENTS = YES;
				CLANG_WARN_EMPTY_BODY = YES;
				CLANG_WARN_ENUM_CONVERSION = YES;
				CLANG_WARN_INFINITE_RECURSION = YES;
				CLANG_WARN_INT_CONVERSION = YES;
				CLANG_WARN_NON_LITERAL_NULL_CONVERSION = YES;
				CLANG_WARN_OBJC_IMPLICIT_RETAIN_SELF = YES;
				CLANG_WARN_OBJC_LITERAL_CONVERSION = YES;
				CLANG_WARN_OBJC_ROOT_CLASS = YES_ERROR;
				CLANG_WARN_QUOTED_INCLUDE_IN_FRAMEWORK_HEADER = YES;
				CLANG_WARN_RANGE_LOOP_ANALYSIS = YES;
				CLANG_WARN_STRICT_PROTOTYPES = YES;
				CLANG_WARN_SUSPICIOUS_MOVE = YES;
				CLANG_WARN_UNGUARDED_AVAILABILITY = YES_AGGRESSIVE;
				CLANG_WARN_UNREACHABLE_CODE = YES;
				CLANG_WARN__DUPLICATE_METHOD_MATCH = YES;
				COPY_PHASE_STRIP = NO;
				DEBUG_INFORMATION_FORMAT = "dwarf-with-dsym";
				ENABLE_NS_ASSERTIONS = NO;
				ENABLE_STRICT_OBJC_MSGSEND = YES;
				GCC_C_LANGUAGE_STANDARD = gnu11;
				GCC_NO_COMMON_BLOCKS = YES;
				GCC_WARN_64_TO_32_BIT_CONVERSION = YES;
				GCC_WARN_ABOUT_RETURN_TYPE = YES_ERROR;
				GCC_WARN_UNDECLARED_SELECTOR = YES;
				GCC_WARN_UNINITIALIZED_AUTOS = YES_AGGRESSIVE;
				GCC_WARN_UNUSED_FUNCTION = YES;
				GCC_WARN_UNUSED_VARIABLE = YES;
				MTL_ENABLE_DEBUG_INFO = NO;
				MTL_FAST_MATH = YES;
				SWIFT_COMPILATION_MODE = wholemodule;
				SWIFT_OPTIMIZATION_LEVEL = "-O";
			};
			name = Release;
		};
		91413FCA27BA95AA00799155 /* Debug */ = {
			isa = XCBuildConfiguration;
			buildSettings = {
				ASSETCATALOG_COMPILER_APPICON_NAME = AppIcon;
				ASSETCATALOG_COMPILER_GLOBAL_ACCENT_COLOR_NAME = AccentColor;
				CODE_SIGN_STYLE = Automatic;
				CURRENT_PROJECT_VERSION = 1;
				DEVELOPMENT_TEAM = SM8JGRFPQU;
				ENABLE_PREVIEWS = YES;
				GENERATE_INFOPLIST_FILE = YES;
				INFOPLIST_KEY_UIApplicationSceneManifest_Generation = YES;
				INFOPLIST_KEY_UIApplicationSupportsIndirectInputEvents = YES;
				INFOPLIST_KEY_UILaunchScreen_Generation = YES;
				INFOPLIST_KEY_UISupportedInterfaceOrientations_iPad = "UIInterfaceOrientationPortrait UIInterfaceOrientationPortraitUpsideDown UIInterfaceOrientationLandscapeLeft UIInterfaceOrientationLandscapeRight";
				INFOPLIST_KEY_UISupportedInterfaceOrientations_iPhone = "UIInterfaceOrientationPortrait UIInterfaceOrientationLandscapeLeft UIInterfaceOrientationLandscapeRight";
				IPHONEOS_DEPLOYMENT_TARGET = 14.0;
				LD_RUNPATH_SEARCH_PATHS = (
					"$(inherited)",
					"@executable_path/Frameworks",
				);
				MARKETING_VERSION = 1.0;
				PRODUCT_BUNDLE_IDENTIFIER = com.uwaisalqadri.Parentify;
				PRODUCT_NAME = Parentify;
				SDKROOT = iphoneos;
				SWIFT_EMIT_LOC_STRINGS = YES;
				SWIFT_VERSION = 5.0;
				TARGETED_DEVICE_FAMILY = "1,2";
			};
			name = Debug;
		};
		91413FCB27BA95AA00799155 /* Release */ = {
			isa = XCBuildConfiguration;
			buildSettings = {
				ASSETCATALOG_COMPILER_APPICON_NAME = AppIcon;
				ASSETCATALOG_COMPILER_GLOBAL_ACCENT_COLOR_NAME = AccentColor;
				CODE_SIGN_STYLE = Automatic;
				CURRENT_PROJECT_VERSION = 1;
				DEVELOPMENT_TEAM = SM8JGRFPQU;
				ENABLE_PREVIEWS = YES;
				GENERATE_INFOPLIST_FILE = YES;
				INFOPLIST_KEY_UIApplicationSceneManifest_Generation = YES;
				INFOPLIST_KEY_UIApplicationSupportsIndirectInputEvents = YES;
				INFOPLIST_KEY_UILaunchScreen_Generation = YES;
				INFOPLIST_KEY_UISupportedInterfaceOrientations_iPad = "UIInterfaceOrientationPortrait UIInterfaceOrientationPortraitUpsideDown UIInterfaceOrientationLandscapeLeft UIInterfaceOrientationLandscapeRight";
				INFOPLIST_KEY_UISupportedInterfaceOrientations_iPhone = "UIInterfaceOrientationPortrait UIInterfaceOrientationLandscapeLeft UIInterfaceOrientationLandscapeRight";
				IPHONEOS_DEPLOYMENT_TARGET = 14.0;
				LD_RUNPATH_SEARCH_PATHS = (
					"$(inherited)",
					"@executable_path/Frameworks",
				);
				MARKETING_VERSION = 1.0;
				PRODUCT_BUNDLE_IDENTIFIER = com.uwaisalqadri.Parentify;
				PRODUCT_NAME = Parentify;
				SDKROOT = iphoneos;
				SWIFT_EMIT_LOC_STRINGS = YES;
				SWIFT_VERSION = 5.0;
				TARGETED_DEVICE_FAMILY = "1,2";
				VALIDATE_PRODUCT = YES;
			};
			name = Release;
		};
		91413FCD27BA95AA00799155 /* Debug */ = {
			isa = XCBuildConfiguration;
			buildSettings = {
				ASSETCATALOG_COMPILER_APPICON_NAME = AppIcon;
				ASSETCATALOG_COMPILER_GLOBAL_ACCENT_COLOR_NAME = AccentColor;
				CODE_SIGN_ENTITLEMENTS = macOS/macOS.entitlements;
				CODE_SIGN_STYLE = Automatic;
				COMBINE_HIDPI_IMAGES = YES;
				CURRENT_PROJECT_VERSION = 1;
				DEVELOPMENT_TEAM = SM8JGRFPQU;
				ENABLE_HARDENED_RUNTIME = YES;
				ENABLE_PREVIEWS = YES;
				GENERATE_INFOPLIST_FILE = YES;
				INFOPLIST_KEY_NSHumanReadableCopyright = "";
				LD_RUNPATH_SEARCH_PATHS = (
					"$(inherited)",
					"@executable_path/../Frameworks",
				);
				MACOSX_DEPLOYMENT_TARGET = 11.0;
				MARKETING_VERSION = 1.0;
				PRODUCT_BUNDLE_IDENTIFIER = com.uwaisalqadri.Parentify;
				PRODUCT_NAME = Parentify;
				SDKROOT = macosx;
				SWIFT_EMIT_LOC_STRINGS = YES;
				SWIFT_VERSION = 5.0;
			};
			name = Debug;
		};
		91413FCE27BA95AA00799155 /* Release */ = {
			isa = XCBuildConfiguration;
			buildSettings = {
				ASSETCATALOG_COMPILER_APPICON_NAME = AppIcon;
				ASSETCATALOG_COMPILER_GLOBAL_ACCENT_COLOR_NAME = AccentColor;
				CODE_SIGN_ENTITLEMENTS = macOS/macOS.entitlements;
				CODE_SIGN_STYLE = Automatic;
				COMBINE_HIDPI_IMAGES = YES;
				CURRENT_PROJECT_VERSION = 1;
				DEVELOPMENT_TEAM = SM8JGRFPQU;
				ENABLE_HARDENED_RUNTIME = YES;
				ENABLE_PREVIEWS = YES;
				GENERATE_INFOPLIST_FILE = YES;
				INFOPLIST_KEY_NSHumanReadableCopyright = "";
				LD_RUNPATH_SEARCH_PATHS = (
					"$(inherited)",
					"@executable_path/../Frameworks",
				);
				MACOSX_DEPLOYMENT_TARGET = 11.0;
				MARKETING_VERSION = 1.0;
				PRODUCT_BUNDLE_IDENTIFIER = com.uwaisalqadri.Parentify;
				PRODUCT_NAME = Parentify;
				SDKROOT = macosx;
				SWIFT_EMIT_LOC_STRINGS = YES;
				SWIFT_VERSION = 5.0;
			};
			name = Release;
		};
/* End XCBuildConfiguration section */

/* Begin XCConfigurationList section */
		91413FAF27BA95A700799155 /* Build configuration list for PBXProject "Parentify" */ = {
			isa = XCConfigurationList;
			buildConfigurations = (
				91413FC727BA95AA00799155 /* Debug */,
				91413FC827BA95AA00799155 /* Release */,
			);
			defaultConfigurationIsVisible = 0;
			defaultConfigurationName = Release;
		};
		91413FC927BA95AA00799155 /* Build configuration list for PBXNativeTarget "Parentify (iOS)" */ = {
			isa = XCConfigurationList;
			buildConfigurations = (
				91413FCA27BA95AA00799155 /* Debug */,
				91413FCB27BA95AA00799155 /* Release */,
			);
			defaultConfigurationIsVisible = 0;
			defaultConfigurationName = Release;
		};
		91413FCC27BA95AA00799155 /* Build configuration list for PBXNativeTarget "Parentify (macOS)" */ = {
			isa = XCConfigurationList;
			buildConfigurations = (
				91413FCD27BA95AA00799155 /* Debug */,
				91413FCE27BA95AA00799155 /* Release */,
			);
			defaultConfigurationIsVisible = 0;
			defaultConfigurationName = Release;
		};
/* End XCConfigurationList section */
	};
	rootObject = 91413FAC27BA95A700799155 /* Project object */;
}
